// !$*UTF8*$!
{
	archiveVersion = 1;
	classes = {
	};
	objectVersion = 56;
	objects = {

/* Begin PBXBuildFile section */
		1CB3BFE62ADF9BE9006A6294 /* TravelConnectApp.swift in Sources */ = {isa = PBXBuildFile; fileRef = 1CB3BFE52ADF9BE9006A6294 /* TravelConnectApp.swift */; };
		1CB3BFE82ADF9BE9006A6294 /* ContentView.swift in Sources */ = {isa = PBXBuildFile; fileRef = 1CB3BFE72ADF9BE9006A6294 /* ContentView.swift */; };
		1CB3BFEA2ADF9BEA006A6294 /* Assets.xcassets in Resources */ = {isa = PBXBuildFile; fileRef = 1CB3BFE92ADF9BEA006A6294 /* Assets.xcassets */; };
		1CB3BFED2ADF9BEA006A6294 /* Preview Assets.xcassets in Resources */ = {isa = PBXBuildFile; fileRef = 1CB3BFEC2ADF9BEA006A6294 /* Preview Assets.xcassets */; };
		1CB3C0042ADF9EEC006A6294 /* User.swift in Sources */ = {isa = PBXBuildFile; fileRef = 1CB3C0032ADF9EEC006A6294 /* User.swift */; };
		1CB78F532AE4284A0052882A /* FirebaseAnalytics in Frameworks */ = {isa = PBXBuildFile; productRef = 1CB78F522AE4284A0052882A /* FirebaseAnalytics */; };
		1CB78F552AE4284A0052882A /* FirebaseAnalyticsOnDeviceConversion in Frameworks */ = {isa = PBXBuildFile; productRef = 1CB78F542AE4284A0052882A /* FirebaseAnalyticsOnDeviceConversion */; };
		1CB78F572AE4284A0052882A /* FirebaseAnalyticsSwift in Frameworks */ = {isa = PBXBuildFile; productRef = 1CB78F562AE4284A0052882A /* FirebaseAnalyticsSwift */; };
		1CB78F592AE4284A0052882A /* FirebaseAnalyticsWithoutAdIdSupport in Frameworks */ = {isa = PBXBuildFile; productRef = 1CB78F582AE4284A0052882A /* FirebaseAnalyticsWithoutAdIdSupport */; };
		1CB78F5B2AE4284A0052882A /* FirebaseAppCheck in Frameworks */ = {isa = PBXBuildFile; productRef = 1CB78F5A2AE4284A0052882A /* FirebaseAppCheck */; };
		1CB78F5D2AE429B10052882A /* GoogleService-Info.plist in Resources */ = {isa = PBXBuildFile; fileRef = 1CB78F5C2AE429B10052882A /* GoogleService-Info.plist */; };
		1CB78F602AE42A150052882A /* LoginView.swift in Sources */ = {isa = PBXBuildFile; fileRef = 1CB78F5F2AE42A150052882A /* LoginView.swift */; };
		1CB78F622AE42A280052882A /* RegistrationView.swift in Sources */ = {isa = PBXBuildFile; fileRef = 1CB78F612AE42A280052882A /* RegistrationView.swift */; };
		1CB78F642AE42AA00052882A /* AuthViewModel.swift in Sources */ = {isa = PBXBuildFile; fileRef = 1CB78F632AE42AA00052882A /* AuthViewModel.swift */; };
		1CB78F662AE432C50052882A /* FirebaseAnalytics in Frameworks */ = {isa = PBXBuildFile; productRef = 1CB78F652AE432C50052882A /* FirebaseAnalytics */; };
		1CB78F682AE432C50052882A /* FirebaseAnalyticsOnDeviceConversion in Frameworks */ = {isa = PBXBuildFile; productRef = 1CB78F672AE432C50052882A /* FirebaseAnalyticsOnDeviceConversion */; };
		1CB78F6A2AE432C50052882A /* FirebaseAnalyticsSwift in Frameworks */ = {isa = PBXBuildFile; productRef = 1CB78F692AE432C50052882A /* FirebaseAnalyticsSwift */; };
		1CB78F6C2AE432C50052882A /* FirebaseAnalyticsWithoutAdIdSupport in Frameworks */ = {isa = PBXBuildFile; productRef = 1CB78F6B2AE432C50052882A /* FirebaseAnalyticsWithoutAdIdSupport */; };
		1CB78F6E2AE432C50052882A /* FirebaseAppCheck in Frameworks */ = {isa = PBXBuildFile; productRef = 1CB78F6D2AE432C50052882A /* FirebaseAppCheck */; };
		1CB78F702AE432C50052882A /* FirebaseAppDistribution-Beta in Frameworks */ = {isa = PBXBuildFile; productRef = 1CB78F6F2AE432C50052882A /* FirebaseAppDistribution-Beta */; };
		1CB78F722AE432C50052882A /* FirebaseAuth in Frameworks */ = {isa = PBXBuildFile; productRef = 1CB78F712AE432C50052882A /* FirebaseAuth */; };
		1CB78F742AE432C50052882A /* FirebaseAuthCombine-Community in Frameworks */ = {isa = PBXBuildFile; productRef = 1CB78F732AE432C50052882A /* FirebaseAuthCombine-Community */; };
		1CB78F762AE432C50052882A /* FirebaseCrashlytics in Frameworks */ = {isa = PBXBuildFile; productRef = 1CB78F752AE432C50052882A /* FirebaseCrashlytics */; };
		1CB78F782AE432C50052882A /* FirebaseDatabase in Frameworks */ = {isa = PBXBuildFile; productRef = 1CB78F772AE432C50052882A /* FirebaseDatabase */; };
		1CB78F7A2AE432C50052882A /* FirebaseDatabaseSwift in Frameworks */ = {isa = PBXBuildFile; productRef = 1CB78F792AE432C50052882A /* FirebaseDatabaseSwift */; };
		1CB78F7C2AE432C50052882A /* FirebaseDynamicLinks in Frameworks */ = {isa = PBXBuildFile; productRef = 1CB78F7B2AE432C50052882A /* FirebaseDynamicLinks */; };
		1CB78F7E2AE432C50052882A /* FirebaseFirestore in Frameworks */ = {isa = PBXBuildFile; productRef = 1CB78F7D2AE432C50052882A /* FirebaseFirestore */; };
		1CB78F802AE432C50052882A /* FirebaseFirestoreCombine-Community in Frameworks */ = {isa = PBXBuildFile; productRef = 1CB78F7F2AE432C50052882A /* FirebaseFirestoreCombine-Community */; };
		1CB78F822AE432C50052882A /* FirebaseFirestoreSwift in Frameworks */ = {isa = PBXBuildFile; productRef = 1CB78F812AE432C50052882A /* FirebaseFirestoreSwift */; };
		1CB78F842AE432C50052882A /* FirebaseFunctions in Frameworks */ = {isa = PBXBuildFile; productRef = 1CB78F832AE432C50052882A /* FirebaseFunctions */; };
		1CB78F862AE432C50052882A /* FirebaseFunctionsCombine-Community in Frameworks */ = {isa = PBXBuildFile; productRef = 1CB78F852AE432C50052882A /* FirebaseFunctionsCombine-Community */; };
		1CB78F882AE432C50052882A /* FirebaseInAppMessaging-Beta in Frameworks */ = {isa = PBXBuildFile; productRef = 1CB78F872AE432C50052882A /* FirebaseInAppMessaging-Beta */; };
		1CB78F8A2AE432C50052882A /* FirebaseInAppMessagingSwift-Beta in Frameworks */ = {isa = PBXBuildFile; productRef = 1CB78F892AE432C50052882A /* FirebaseInAppMessagingSwift-Beta */; };
		1CB78F8C2AE432C50052882A /* FirebaseInstallations in Frameworks */ = {isa = PBXBuildFile; productRef = 1CB78F8B2AE432C50052882A /* FirebaseInstallations */; };
		1CB78F8E2AE432C50052882A /* FirebaseMLModelDownloader in Frameworks */ = {isa = PBXBuildFile; productRef = 1CB78F8D2AE432C50052882A /* FirebaseMLModelDownloader */; };
		1CB78F902AE432C50052882A /* FirebaseMessaging in Frameworks */ = {isa = PBXBuildFile; productRef = 1CB78F8F2AE432C50052882A /* FirebaseMessaging */; };
		1CB78F922AE432C50052882A /* FirebasePerformance in Frameworks */ = {isa = PBXBuildFile; productRef = 1CB78F912AE432C50052882A /* FirebasePerformance */; };
		1CB78F942AE432C50052882A /* FirebaseRemoteConfig in Frameworks */ = {isa = PBXBuildFile; productRef = 1CB78F932AE432C50052882A /* FirebaseRemoteConfig */; };
		1CB78F962AE432C50052882A /* FirebaseRemoteConfigSwift in Frameworks */ = {isa = PBXBuildFile; productRef = 1CB78F952AE432C50052882A /* FirebaseRemoteConfigSwift */; };
		1CB78F982AE432C50052882A /* FirebaseStorage in Frameworks */ = {isa = PBXBuildFile; productRef = 1CB78F972AE432C50052882A /* FirebaseStorage */; };
		1CB78F9A2AE432C50052882A /* FirebaseStorageCombine-Community in Frameworks */ = {isa = PBXBuildFile; productRef = 1CB78F992AE432C50052882A /* FirebaseStorageCombine-Community */; };
		1CB78F9C2AE43A180052882A /* AuthAlert.swift in Sources */ = {isa = PBXBuildFile; fileRef = 1CB78F9B2AE43A180052882A /* AuthAlert.swift */; };
		1CB78F9E2AE43CA40052882A /* SettingsView.swift in Sources */ = {isa = PBXBuildFile; fileRef = 1CB78F9D2AE43CA40052882A /* SettingsView.swift */; };
		1CDB07DE2AEA974A002A5EEA /* Conversation.swift in Sources */ = {isa = PBXBuildFile; fileRef = 1CDB07DD2AEA974A002A5EEA /* Conversation.swift */; };
		1CDB07E02AEA979D002A5EEA /* ConversationsViewModel.swift in Sources */ = {isa = PBXBuildFile; fileRef = 1CDB07DF2AEA979D002A5EEA /* ConversationsViewModel.swift */; };
		1CDB07E22AEA9832002A5EEA /* Message.swift in Sources */ = {isa = PBXBuildFile; fileRef = 1CDB07E12AEA9832002A5EEA /* Message.swift */; };
		1CDB07E42AEA98BA002A5EEA /* ConversationListView.swift in Sources */ = {isa = PBXBuildFile; fileRef = 1CDB07E32AEA98BA002A5EEA /* ConversationListView.swift */; };
		1CDB07E62AEA990F002A5EEA /* ChatView.swift in Sources */ = {isa = PBXBuildFile; fileRef = 1CDB07E52AEA990F002A5EEA /* ChatView.swift */; };
		1CDB07E82AEB21BD002A5EEA /* NewConversationView.swift in Sources */ = {isa = PBXBuildFile; fileRef = 1CDB07E72AEB21BD002A5EEA /* NewConversationView.swift */; };
/* End PBXBuildFile section */

/* Begin PBXFileReference section */
		1CB3BFE22ADF9BE9006A6294 /* TravelConnect.app */ = {isa = PBXFileReference; explicitFileType = wrapper.application; includeInIndex = 0; path = TravelConnect.app; sourceTree = BUILT_PRODUCTS_DIR; };
		1CB3BFE52ADF9BE9006A6294 /* TravelConnectApp.swift */ = {isa = PBXFileReference; lastKnownFileType = sourcecode.swift; path = TravelConnectApp.swift; sourceTree = "<group>"; };
		1CB3BFE72ADF9BE9006A6294 /* ContentView.swift */ = {isa = PBXFileReference; lastKnownFileType = sourcecode.swift; path = ContentView.swift; sourceTree = "<group>"; };
		1CB3BFE92ADF9BEA006A6294 /* Assets.xcassets */ = {isa = PBXFileReference; lastKnownFileType = folder.assetcatalog; path = Assets.xcassets; sourceTree = "<group>"; };
		1CB3BFEC2ADF9BEA006A6294 /* Preview Assets.xcassets */ = {isa = PBXFileReference; lastKnownFileType = folder.assetcatalog; path = "Preview Assets.xcassets"; sourceTree = "<group>"; };
		1CB3C0032ADF9EEC006A6294 /* User.swift */ = {isa = PBXFileReference; lastKnownFileType = sourcecode.swift; path = User.swift; sourceTree = "<group>"; };
		1CB3C0052ADFA72C006A6294 /* .gitignore.md */ = {isa = PBXFileReference; lastKnownFileType = net.daringfireball.markdown; path = .gitignore.md; sourceTree = "<group>"; };
		1CB78F5C2AE429B10052882A /* GoogleService-Info.plist */ = {isa = PBXFileReference; fileEncoding = 4; lastKnownFileType = text.plist.xml; name = "GoogleService-Info.plist"; path = "../../../../Downloads/GoogleService-Info.plist"; sourceTree = "<group>"; };
		1CB78F5E2AE429B60052882A /* GoogleService-Info.plist */ = {isa = PBXFileReference; lastKnownFileType = text.plist.xml; path = "GoogleService-Info.plist"; sourceTree = "<group>"; };
		1CB78F5F2AE42A150052882A /* LoginView.swift */ = {isa = PBXFileReference; lastKnownFileType = sourcecode.swift; path = LoginView.swift; sourceTree = "<group>"; };
		1CB78F612AE42A280052882A /* RegistrationView.swift */ = {isa = PBXFileReference; lastKnownFileType = sourcecode.swift; path = RegistrationView.swift; sourceTree = "<group>"; };
		1CB78F632AE42AA00052882A /* AuthViewModel.swift */ = {isa = PBXFileReference; lastKnownFileType = sourcecode.swift; path = AuthViewModel.swift; sourceTree = "<group>"; };
		1CB78F9B2AE43A180052882A /* AuthAlert.swift */ = {isa = PBXFileReference; lastKnownFileType = sourcecode.swift; path = AuthAlert.swift; sourceTree = "<group>"; };
		1CB78F9D2AE43CA40052882A /* SettingsView.swift */ = {isa = PBXFileReference; lastKnownFileType = sourcecode.swift; path = SettingsView.swift; sourceTree = "<group>"; };
		1CDB07DD2AEA974A002A5EEA /* Conversation.swift */ = {isa = PBXFileReference; lastKnownFileType = sourcecode.swift; path = Conversation.swift; sourceTree = "<group>"; };
		1CDB07DF2AEA979D002A5EEA /* ConversationsViewModel.swift */ = {isa = PBXFileReference; lastKnownFileType = sourcecode.swift; path = ConversationsViewModel.swift; sourceTree = "<group>"; };
		1CDB07E12AEA9832002A5EEA /* Message.swift */ = {isa = PBXFileReference; lastKnownFileType = sourcecode.swift; path = Message.swift; sourceTree = "<group>"; };
		1CDB07E32AEA98BA002A5EEA /* ConversationListView.swift */ = {isa = PBXFileReference; lastKnownFileType = sourcecode.swift; path = ConversationListView.swift; sourceTree = "<group>"; };
		1CDB07E52AEA990F002A5EEA /* ChatView.swift */ = {isa = PBXFileReference; lastKnownFileType = sourcecode.swift; path = ChatView.swift; sourceTree = "<group>"; };
		1CDB07E72AEB21BD002A5EEA /* NewConversationView.swift */ = {isa = PBXFileReference; lastKnownFileType = sourcecode.swift; path = NewConversationView.swift; sourceTree = "<group>"; };
/* End PBXFileReference section */

/* Begin PBXFrameworksBuildPhase section */
		1CB3BFDF2ADF9BE9006A6294 /* Frameworks */ = {
			isa = PBXFrameworksBuildPhase;
			buildActionMask = 2147483647;
			files = (
				1CB78F902AE432C50052882A /* FirebaseMessaging in Frameworks */,
				1CB78F802AE432C50052882A /* FirebaseFirestoreCombine-Community in Frameworks */,
				1CB78F782AE432C50052882A /* FirebaseDatabase in Frameworks */,
				1CB78F572AE4284A0052882A /* FirebaseAnalyticsSwift in Frameworks */,
				1CB78F982AE432C50052882A /* FirebaseStorage in Frameworks */,
				1CB78F532AE4284A0052882A /* FirebaseAnalytics in Frameworks */,
				1CB78F662AE432C50052882A /* FirebaseAnalytics in Frameworks */,
				1CB78F762AE432C50052882A /* FirebaseCrashlytics in Frameworks */,
				1CB78F7E2AE432C50052882A /* FirebaseFirestore in Frameworks */,
				1CB78F7C2AE432C50052882A /* FirebaseDynamicLinks in Frameworks */,
				1CB78F9A2AE432C50052882A /* FirebaseStorageCombine-Community in Frameworks */,
				1CB78F682AE432C50052882A /* FirebaseAnalyticsOnDeviceConversion in Frameworks */,
				1CB78F862AE432C50052882A /* FirebaseFunctionsCombine-Community in Frameworks */,
				1CB78F8A2AE432C50052882A /* FirebaseInAppMessagingSwift-Beta in Frameworks */,
				1CB78F8E2AE432C50052882A /* FirebaseMLModelDownloader in Frameworks */,
				1CB78F882AE432C50052882A /* FirebaseInAppMessaging-Beta in Frameworks */,
				1CB78F922AE432C50052882A /* FirebasePerformance in Frameworks */,
				1CB78F742AE432C50052882A /* FirebaseAuthCombine-Community in Frameworks */,
				1CB78F6A2AE432C50052882A /* FirebaseAnalyticsSwift in Frameworks */,
				1CB78F7A2AE432C50052882A /* FirebaseDatabaseSwift in Frameworks */,
				1CB78F552AE4284A0052882A /* FirebaseAnalyticsOnDeviceConversion in Frameworks */,
				1CB78F942AE432C50052882A /* FirebaseRemoteConfig in Frameworks */,
				1CB78F5B2AE4284A0052882A /* FirebaseAppCheck in Frameworks */,
				1CB78F722AE432C50052882A /* FirebaseAuth in Frameworks */,
				1CB78F842AE432C50052882A /* FirebaseFunctions in Frameworks */,
				1CB78F8C2AE432C50052882A /* FirebaseInstallations in Frameworks */,
				1CB78F822AE432C50052882A /* FirebaseFirestoreSwift in Frameworks */,
				1CB78F6C2AE432C50052882A /* FirebaseAnalyticsWithoutAdIdSupport in Frameworks */,
				1CB78F6E2AE432C50052882A /* FirebaseAppCheck in Frameworks */,
				1CB78F962AE432C50052882A /* FirebaseRemoteConfigSwift in Frameworks */,
				1CB78F702AE432C50052882A /* FirebaseAppDistribution-Beta in Frameworks */,
				1CB78F592AE4284A0052882A /* FirebaseAnalyticsWithoutAdIdSupport in Frameworks */,
			);
			runOnlyForDeploymentPostprocessing = 0;
		};
/* End PBXFrameworksBuildPhase section */

/* Begin PBXGroup section */
		1CB3BFD92ADF9BE9006A6294 = {
			isa = PBXGroup;
			children = (
				1CB3C0052ADFA72C006A6294 /* .gitignore.md */,
				1CB3BFE42ADF9BE9006A6294 /* TravelConnect */,
				1CB3BFE32ADF9BE9006A6294 /* Products */,
			);
			sourceTree = "<group>";
		};
		1CB3BFE32ADF9BE9006A6294 /* Products */ = {
			isa = PBXGroup;
			children = (
				1CB3BFE22ADF9BE9006A6294 /* TravelConnect.app */,
			);
			name = Products;
			sourceTree = "<group>";
		};
		1CB3BFE42ADF9BE9006A6294 /* TravelConnect */ = {
			isa = PBXGroup;
			children = (
				1CB3BFFC2ADF9C1B006A6294 /* ML */,
				1CB3BFFB2ADF9C14006A6294 /* Utilities */,
				1CB3BFFA2ADF9C0D006A6294 /* ViewModel */,
				1CB3BFF92ADF9C02006A6294 /* View */,
				1CB3BFF82ADF9BF5006A6294 /* Model */,
				1CB3BFE52ADF9BE9006A6294 /* TravelConnectApp.swift */,
				1CB3BFE72ADF9BE9006A6294 /* ContentView.swift */,
				1CB3BFE92ADF9BEA006A6294 /* Assets.xcassets */,
				1CB78F5E2AE429B60052882A /* GoogleService-Info.plist */,
				1CB3BFEB2ADF9BEA006A6294 /* Preview Content */,
			);
			path = TravelConnect;
			sourceTree = "<group>";
		};
		1CB3BFEB2ADF9BEA006A6294 /* Preview Content */ = {
			isa = PBXGroup;
			children = (
				1CB78F5C2AE429B10052882A /* GoogleService-Info.plist */,
				1CB3BFEC2ADF9BEA006A6294 /* Preview Assets.xcassets */,
			);
			path = "Preview Content";
			sourceTree = "<group>";
		};
		1CB3BFF82ADF9BF5006A6294 /* Model */ = {
			isa = PBXGroup;
			children = (
				1CB3C0032ADF9EEC006A6294 /* User.swift */,
				1CDB07DD2AEA974A002A5EEA /* Conversation.swift */,
				1CDB07E12AEA9832002A5EEA /* Message.swift */,
			);
			path = Model;
			sourceTree = "<group>";
		};
		1CB3BFF92ADF9C02006A6294 /* View */ = {
			isa = PBXGroup;
			children = (
				1CB78F5F2AE42A150052882A /* LoginView.swift */,
				1CB78F612AE42A280052882A /* RegistrationView.swift */,
				1CB78F9D2AE43CA40052882A /* SettingsView.swift */,
				1CDB07E32AEA98BA002A5EEA /* ConversationListView.swift */,
				1CDB07E52AEA990F002A5EEA /* ChatView.swift */,
				1CDB07E72AEB21BD002A5EEA /* NewConversationView.swift */,
			);
			path = View;
			sourceTree = "<group>";
		};
		1CB3BFFA2ADF9C0D006A6294 /* ViewModel */ = {
			isa = PBXGroup;
			children = (
				1CB78F632AE42AA00052882A /* AuthViewModel.swift */,
				1CDB07DF2AEA979D002A5EEA /* ConversationsViewModel.swift */,
			);
			path = ViewModel;
			sourceTree = "<group>";
		};
		1CB3BFFB2ADF9C14006A6294 /* Utilities */ = {
			isa = PBXGroup;
			children = (
				1CB78F9B2AE43A180052882A /* AuthAlert.swift */,
			);
			path = Utilities;
			sourceTree = "<group>";
		};
		1CB3BFFC2ADF9C1B006A6294 /* ML */ = {
			isa = PBXGroup;
			children = (
			);
			path = ML;
			sourceTree = "<group>";
		};
/* End PBXGroup section */

/* Begin PBXNativeTarget section */
		1CB3BFE12ADF9BE9006A6294 /* TravelConnect */ = {
			isa = PBXNativeTarget;
			buildConfigurationList = 1CB3BFF52ADF9BEA006A6294 /* Build configuration list for PBXNativeTarget "TravelConnect" */;
			buildPhases = (
				1CB3BFDE2ADF9BE9006A6294 /* Sources */,
				1CB3BFDF2ADF9BE9006A6294 /* Frameworks */,
				1CB3BFE02ADF9BE9006A6294 /* Resources */,
			);
			buildRules = (
			);
			dependencies = (
			);
			name = TravelConnect;
			packageProductDependencies = (
				1CB78F522AE4284A0052882A /* FirebaseAnalytics */,
				1CB78F542AE4284A0052882A /* FirebaseAnalyticsOnDeviceConversion */,
				1CB78F562AE4284A0052882A /* FirebaseAnalyticsSwift */,
				1CB78F582AE4284A0052882A /* FirebaseAnalyticsWithoutAdIdSupport */,
				1CB78F5A2AE4284A0052882A /* FirebaseAppCheck */,
				1CB78F652AE432C50052882A /* FirebaseAnalytics */,
				1CB78F672AE432C50052882A /* FirebaseAnalyticsOnDeviceConversion */,
				1CB78F692AE432C50052882A /* FirebaseAnalyticsSwift */,
				1CB78F6B2AE432C50052882A /* FirebaseAnalyticsWithoutAdIdSupport */,
				1CB78F6D2AE432C50052882A /* FirebaseAppCheck */,
				1CB78F6F2AE432C50052882A /* FirebaseAppDistribution-Beta */,
				1CB78F712AE432C50052882A /* FirebaseAuth */,
				1CB78F732AE432C50052882A /* FirebaseAuthCombine-Community */,
				1CB78F752AE432C50052882A /* FirebaseCrashlytics */,
				1CB78F772AE432C50052882A /* FirebaseDatabase */,
				1CB78F792AE432C50052882A /* FirebaseDatabaseSwift */,
				1CB78F7B2AE432C50052882A /* FirebaseDynamicLinks */,
				1CB78F7D2AE432C50052882A /* FirebaseFirestore */,
				1CB78F7F2AE432C50052882A /* FirebaseFirestoreCombine-Community */,
				1CB78F812AE432C50052882A /* FirebaseFirestoreSwift */,
				1CB78F832AE432C50052882A /* FirebaseFunctions */,
				1CB78F852AE432C50052882A /* FirebaseFunctionsCombine-Community */,
				1CB78F872AE432C50052882A /* FirebaseInAppMessaging-Beta */,
				1CB78F892AE432C50052882A /* FirebaseInAppMessagingSwift-Beta */,
				1CB78F8B2AE432C50052882A /* FirebaseInstallations */,
				1CB78F8D2AE432C50052882A /* FirebaseMLModelDownloader */,
				1CB78F8F2AE432C50052882A /* FirebaseMessaging */,
				1CB78F912AE432C50052882A /* FirebasePerformance */,
				1CB78F932AE432C50052882A /* FirebaseRemoteConfig */,
				1CB78F952AE432C50052882A /* FirebaseRemoteConfigSwift */,
				1CB78F972AE432C50052882A /* FirebaseStorage */,
				1CB78F992AE432C50052882A /* FirebaseStorageCombine-Community */,
			);
			productName = TravelConnect;
			productReference = 1CB3BFE22ADF9BE9006A6294 /* TravelConnect.app */;
			productType = "com.apple.product-type.application";
		};
/* End PBXNativeTarget section */

/* Begin PBXProject section */
		1CB3BFDA2ADF9BE9006A6294 /* Project object */ = {
			isa = PBXProject;
			attributes = {
				BuildIndependentTargetsInParallel = 1;
				LastSwiftUpdateCheck = 1500;
				LastUpgradeCheck = 1500;
				TargetAttributes = {
					1CB3BFE12ADF9BE9006A6294 = {
						CreatedOnToolsVersion = 15.0;
					};
				};
			};
			buildConfigurationList = 1CB3BFDD2ADF9BE9006A6294 /* Build configuration list for PBXProject "TravelConnect" */;
			compatibilityVersion = "Xcode 14.0";
			developmentRegion = en;
			hasScannedForEncodings = 0;
			knownRegions = (
				en,
				Base,
			);
			mainGroup = 1CB3BFD92ADF9BE9006A6294;
			packageReferences = (
				1CB78F512AE4284A0052882A /* XCRemoteSwiftPackageReference "firebase-ios-sdk" */,
			);
			productRefGroup = 1CB3BFE32ADF9BE9006A6294 /* Products */;
			projectDirPath = "";
			projectRoot = "";
			targets = (
				1CB3BFE12ADF9BE9006A6294 /* TravelConnect */,
			);
		};
/* End PBXProject section */

/* Begin PBXResourcesBuildPhase section */
		1CB3BFE02ADF9BE9006A6294 /* Resources */ = {
			isa = PBXResourcesBuildPhase;
			buildActionMask = 2147483647;
			files = (
				1CB3BFED2ADF9BEA006A6294 /* Preview Assets.xcassets in Resources */,
				1CB3BFEA2ADF9BEA006A6294 /* Assets.xcassets in Resources */,
				1CB78F5D2AE429B10052882A /* GoogleService-Info.plist in Resources */,
			);
			runOnlyForDeploymentPostprocessing = 0;
		};
/* End PBXResourcesBuildPhase section */

/* Begin PBXSourcesBuildPhase section */
		1CB3BFDE2ADF9BE9006A6294 /* Sources */ = {
			isa = PBXSourcesBuildPhase;
			buildActionMask = 2147483647;
			files = (
				1CB78F9C2AE43A180052882A /* AuthAlert.swift in Sources */,
				1CDB07E02AEA979D002A5EEA /* ConversationsViewModel.swift in Sources */,
				1CDB07E82AEB21BD002A5EEA /* NewConversationView.swift in Sources */,
				1CB3BFE82ADF9BE9006A6294 /* ContentView.swift in Sources */,
				1CB78F602AE42A150052882A /* LoginView.swift in Sources */,
				1CDB07DE2AEA974A002A5EEA /* Conversation.swift in Sources */,
				1CB3C0042ADF9EEC006A6294 /* User.swift in Sources */,
				1CDB07E62AEA990F002A5EEA /* ChatView.swift in Sources */,
				1CDB07E22AEA9832002A5EEA /* Message.swift in Sources */,
				1CB78F642AE42AA00052882A /* AuthViewModel.swift in Sources */,
				1CB3BFE62ADF9BE9006A6294 /* TravelConnectApp.swift in Sources */,
				1CB78F622AE42A280052882A /* RegistrationView.swift in Sources */,
				1CB78F9E2AE43CA40052882A /* SettingsView.swift in Sources */,
				1CDB07E42AEA98BA002A5EEA /* ConversationListView.swift in Sources */,
			);
			runOnlyForDeploymentPostprocessing = 0;
		};
/* End PBXSourcesBuildPhase section */

/* Begin XCBuildConfiguration section */
		1CB3BFF32ADF9BEA006A6294 /* Debug */ = {
			isa = XCBuildConfiguration;
			buildSettings = {
				ALWAYS_SEARCH_USER_PATHS = NO;
				ASSETCATALOG_COMPILER_GENERATE_SWIFT_ASSET_SYMBOL_EXTENSIONS = YES;
				CLANG_ANALYZER_NONNULL = YES;
				CLANG_ANALYZER_NUMBER_OBJECT_CONVERSION = YES_AGGRESSIVE;
				CLANG_CXX_LANGUAGE_STANDARD = "gnu++20";
				CLANG_ENABLE_MODULES = YES;
				CLANG_ENABLE_OBJC_ARC = YES;
				CLANG_ENABLE_OBJC_WEAK = YES;
				CLANG_WARN_BLOCK_CAPTURE_AUTORELEASING = YES;
				CLANG_WARN_BOOL_CONVERSION = YES;
				CLANG_WARN_COMMA = YES;
				CLANG_WARN_CONSTANT_CONVERSION = YES;
				CLANG_WARN_DEPRECATED_OBJC_IMPLEMENTATIONS = YES;
				CLANG_WARN_DIRECT_OBJC_ISA_USAGE = YES_ERROR;
				CLANG_WARN_DOCUMENTATION_COMMENTS = YES;
				CLANG_WARN_EMPTY_BODY = YES;
				CLANG_WARN_ENUM_CONVERSION = YES;
				CLANG_WARN_INFINITE_RECURSION = YES;
				CLANG_WARN_INT_CONVERSION = YES;
				CLANG_WARN_NON_LITERAL_NULL_CONVERSION = YES;
				CLANG_WARN_OBJC_IMPLICIT_RETAIN_SELF = YES;
				CLANG_WARN_OBJC_LITERAL_CONVERSION = YES;
				CLANG_WARN_OBJC_ROOT_CLASS = YES_ERROR;
				CLANG_WARN_QUOTED_INCLUDE_IN_FRAMEWORK_HEADER = YES;
				CLANG_WARN_RANGE_LOOP_ANALYSIS = YES;
				CLANG_WARN_STRICT_PROTOTYPES = YES;
				CLANG_WARN_SUSPICIOUS_MOVE = YES;
				CLANG_WARN_UNGUARDED_AVAILABILITY = YES_AGGRESSIVE;
				CLANG_WARN_UNREACHABLE_CODE = YES;
				CLANG_WARN__DUPLICATE_METHOD_MATCH = YES;
				COPY_PHASE_STRIP = NO;
				DEBUG_INFORMATION_FORMAT = dwarf;
				ENABLE_STRICT_OBJC_MSGSEND = YES;
				ENABLE_TESTABILITY = YES;
				ENABLE_USER_SCRIPT_SANDBOXING = YES;
				GCC_C_LANGUAGE_STANDARD = gnu17;
				GCC_DYNAMIC_NO_PIC = NO;
				GCC_NO_COMMON_BLOCKS = YES;
				GCC_OPTIMIZATION_LEVEL = 0;
				GCC_PREPROCESSOR_DEFINITIONS = (
					"DEBUG=1",
					"$(inherited)",
				);
				GCC_WARN_64_TO_32_BIT_CONVERSION = YES;
				GCC_WARN_ABOUT_RETURN_TYPE = YES_ERROR;
				GCC_WARN_UNDECLARED_SELECTOR = YES;
				GCC_WARN_UNINITIALIZED_AUTOS = YES_AGGRESSIVE;
				GCC_WARN_UNUSED_FUNCTION = YES;
				GCC_WARN_UNUSED_VARIABLE = YES;
				IPHONEOS_DEPLOYMENT_TARGET = 17.0;
				LOCALIZATION_PREFERS_STRING_CATALOGS = YES;
				MTL_ENABLE_DEBUG_INFO = INCLUDE_SOURCE;
				MTL_FAST_MATH = YES;
				ONLY_ACTIVE_ARCH = YES;
				SDKROOT = iphoneos;
				SWIFT_ACTIVE_COMPILATION_CONDITIONS = "DEBUG $(inherited)";
				SWIFT_OPTIMIZATION_LEVEL = "-Onone";
			};
			name = Debug;
		};
		1CB3BFF42ADF9BEA006A6294 /* Release */ = {
			isa = XCBuildConfiguration;
			buildSettings = {
				ALWAYS_SEARCH_USER_PATHS = NO;
				ASSETCATALOG_COMPILER_GENERATE_SWIFT_ASSET_SYMBOL_EXTENSIONS = YES;
				CLANG_ANALYZER_NONNULL = YES;
				CLANG_ANALYZER_NUMBER_OBJECT_CONVERSION = YES_AGGRESSIVE;
				CLANG_CXX_LANGUAGE_STANDARD = "gnu++20";
				CLANG_ENABLE_MODULES = YES;
				CLANG_ENABLE_OBJC_ARC = YES;
				CLANG_ENABLE_OBJC_WEAK = YES;
				CLANG_WARN_BLOCK_CAPTURE_AUTORELEASING = YES;
				CLANG_WARN_BOOL_CONVERSION = YES;
				CLANG_WARN_COMMA = YES;
				CLANG_WARN_CONSTANT_CONVERSION = YES;
				CLANG_WARN_DEPRECATED_OBJC_IMPLEMENTATIONS = YES;
				CLANG_WARN_DIRECT_OBJC_ISA_USAGE = YES_ERROR;
				CLANG_WARN_DOCUMENTATION_COMMENTS = YES;
				CLANG_WARN_EMPTY_BODY = YES;
				CLANG_WARN_ENUM_CONVERSION = YES;
				CLANG_WARN_INFINITE_RECURSION = YES;
				CLANG_WARN_INT_CONVERSION = YES;
				CLANG_WARN_NON_LITERAL_NULL_CONVERSION = YES;
				CLANG_WARN_OBJC_IMPLICIT_RETAIN_SELF = YES;
				CLANG_WARN_OBJC_LITERAL_CONVERSION = YES;
				CLANG_WARN_OBJC_ROOT_CLASS = YES_ERROR;
				CLANG_WARN_QUOTED_INCLUDE_IN_FRAMEWORK_HEADER = YES;
				CLANG_WARN_RANGE_LOOP_ANALYSIS = YES;
				CLANG_WARN_STRICT_PROTOTYPES = YES;
				CLANG_WARN_SUSPICIOUS_MOVE = YES;
				CLANG_WARN_UNGUARDED_AVAILABILITY = YES_AGGRESSIVE;
				CLANG_WARN_UNREACHABLE_CODE = YES;
				CLANG_WARN__DUPLICATE_METHOD_MATCH = YES;
				COPY_PHASE_STRIP = NO;
				DEBUG_INFORMATION_FORMAT = "dwarf-with-dsym";
				ENABLE_NS_ASSERTIONS = NO;
				ENABLE_STRICT_OBJC_MSGSEND = YES;
				ENABLE_USER_SCRIPT_SANDBOXING = YES;
				GCC_C_LANGUAGE_STANDARD = gnu17;
				GCC_NO_COMMON_BLOCKS = YES;
				GCC_WARN_64_TO_32_BIT_CONVERSION = YES;
				GCC_WARN_ABOUT_RETURN_TYPE = YES_ERROR;
				GCC_WARN_UNDECLARED_SELECTOR = YES;
				GCC_WARN_UNINITIALIZED_AUTOS = YES_AGGRESSIVE;
				GCC_WARN_UNUSED_FUNCTION = YES;
				GCC_WARN_UNUSED_VARIABLE = YES;
				IPHONEOS_DEPLOYMENT_TARGET = 17.0;
				LOCALIZATION_PREFERS_STRING_CATALOGS = YES;
				MTL_ENABLE_DEBUG_INFO = NO;
				MTL_FAST_MATH = YES;
				SDKROOT = iphoneos;
				SWIFT_COMPILATION_MODE = wholemodule;
				VALIDATE_PRODUCT = YES;
			};
			name = Release;
		};
		1CB3BFF62ADF9BEA006A6294 /* Debug */ = {
			isa = XCBuildConfiguration;
			buildSettings = {
				ASSETCATALOG_COMPILER_APPICON_NAME = AppIcon;
				ASSETCATALOG_COMPILER_GLOBAL_ACCENT_COLOR_NAME = AccentColor;
				CODE_SIGN_STYLE = Automatic;
				CURRENT_PROJECT_VERSION = 1;
				DEVELOPMENT_ASSET_PATHS = "\"TravelConnect/Preview Content\"";
				DEVELOPMENT_TEAM = 5GZC5WLRP3;
				ENABLE_PREVIEWS = YES;
				GENERATE_INFOPLIST_FILE = YES;
				INFOPLIST_KEY_UIApplicationSceneManifest_Generation = YES;
				INFOPLIST_KEY_UIApplicationSupportsIndirectInputEvents = YES;
				INFOPLIST_KEY_UILaunchScreen_Generation = YES;
				INFOPLIST_KEY_UISupportedInterfaceOrientations_iPad = "UIInterfaceOrientationPortrait UIInterfaceOrientationPortraitUpsideDown UIInterfaceOrientationLandscapeLeft UIInterfaceOrientationLandscapeRight";
				INFOPLIST_KEY_UISupportedInterfaceOrientations_iPhone = "UIInterfaceOrientationPortrait UIInterfaceOrientationLandscapeLeft UIInterfaceOrientationLandscapeRight";
				LD_RUNPATH_SEARCH_PATHS = (
					"$(inherited)",
					"@executable_path/Frameworks",
				);
				MARKETING_VERSION = 1.0;
				PRODUCT_BUNDLE_IDENTIFIER = com.adviOS.TravelConnect;
				PRODUCT_NAME = "$(TARGET_NAME)";
				SWIFT_EMIT_LOC_STRINGS = YES;
				SWIFT_VERSION = 5.0;
				TARGETED_DEVICE_FAMILY = "1,2";
			};
			name = Debug;
		};
		1CB3BFF72ADF9BEA006A6294 /* Release */ = {
			isa = XCBuildConfiguration;
			buildSettings = {
				ASSETCATALOG_COMPILER_APPICON_NAME = AppIcon;
				ASSETCATALOG_COMPILER_GLOBAL_ACCENT_COLOR_NAME = AccentColor;
				CODE_SIGN_STYLE = Automatic;
				CURRENT_PROJECT_VERSION = 1;
				DEVELOPMENT_ASSET_PATHS = "\"TravelConnect/Preview Content\"";
				DEVELOPMENT_TEAM = 5GZC5WLRP3;
				ENABLE_PREVIEWS = YES;
				GENERATE_INFOPLIST_FILE = YES;
				INFOPLIST_KEY_UIApplicationSceneManifest_Generation = YES;
				INFOPLIST_KEY_UIApplicationSupportsIndirectInputEvents = YES;
				INFOPLIST_KEY_UILaunchScreen_Generation = YES;
				INFOPLIST_KEY_UISupportedInterfaceOrientations_iPad = "UIInterfaceOrientationPortrait UIInterfaceOrientationPortraitUpsideDown UIInterfaceOrientationLandscapeLeft UIInterfaceOrientationLandscapeRight";
				INFOPLIST_KEY_UISupportedInterfaceOrientations_iPhone = "UIInterfaceOrientationPortrait UIInterfaceOrientationLandscapeLeft UIInterfaceOrientationLandscapeRight";
				LD_RUNPATH_SEARCH_PATHS = (
					"$(inherited)",
					"@executable_path/Frameworks",
				);
				MARKETING_VERSION = 1.0;
				PRODUCT_BUNDLE_IDENTIFIER = com.adviOS.TravelConnect;
				PRODUCT_NAME = "$(TARGET_NAME)";
				SWIFT_EMIT_LOC_STRINGS = YES;
				SWIFT_VERSION = 5.0;
				TARGETED_DEVICE_FAMILY = "1,2";
			};
			name = Release;
		};
/* End XCBuildConfiguration section */

/* Begin XCConfigurationList section */
		1CB3BFDD2ADF9BE9006A6294 /* Build configuration list for PBXProject "TravelConnect" */ = {
			isa = XCConfigurationList;
			buildConfigurations = (
				1CB3BFF32ADF9BEA006A6294 /* Debug */,
				1CB3BFF42ADF9BEA006A6294 /* Release */,
			);
			defaultConfigurationIsVisible = 0;
			defaultConfigurationName = Release;
		};
		1CB3BFF52ADF9BEA006A6294 /* Build configuration list for PBXNativeTarget "TravelConnect" */ = {
			isa = XCConfigurationList;
			buildConfigurations = (
				1CB3BFF62ADF9BEA006A6294 /* Debug */,
				1CB3BFF72ADF9BEA006A6294 /* Release */,
			);
			defaultConfigurationIsVisible = 0;
			defaultConfigurationName = Release;
		};
/* End XCConfigurationList section */

/* Begin XCRemoteSwiftPackageReference section */
		1CB78F512AE4284A0052882A /* XCRemoteSwiftPackageReference "firebase-ios-sdk" */ = {
			isa = XCRemoteSwiftPackageReference;
			repositoryURL = "https://github.com/firebase/firebase-ios-sdk";
			requirement = {
				kind = upToNextMajorVersion;
				minimumVersion = 10.16.0;
			};
		};
/* End XCRemoteSwiftPackageReference section */

/* Begin XCSwiftPackageProductDependency section */
		1CB78F522AE4284A0052882A /* FirebaseAnalytics */ = {
			isa = XCSwiftPackageProductDependency;
			package = 1CB78F512AE4284A0052882A /* XCRemoteSwiftPackageReference "firebase-ios-sdk" */;
			productName = FirebaseAnalytics;
		};
		1CB78F542AE4284A0052882A /* FirebaseAnalyticsOnDeviceConversion */ = {
			isa = XCSwiftPackageProductDependency;
			package = 1CB78F512AE4284A0052882A /* XCRemoteSwiftPackageReference "firebase-ios-sdk" */;
			productName = FirebaseAnalyticsOnDeviceConversion;
		};
		1CB78F562AE4284A0052882A /* FirebaseAnalyticsSwift */ = {
			isa = XCSwiftPackageProductDependency;
			package = 1CB78F512AE4284A0052882A /* XCRemoteSwiftPackageReference "firebase-ios-sdk" */;
			productName = FirebaseAnalyticsSwift;
		};
		1CB78F582AE4284A0052882A /* FirebaseAnalyticsWithoutAdIdSupport */ = {
			isa = XCSwiftPackageProductDependency;
			package = 1CB78F512AE4284A0052882A /* XCRemoteSwiftPackageReference "firebase-ios-sdk" */;
			productName = FirebaseAnalyticsWithoutAdIdSupport;
		};
		1CB78F5A2AE4284A0052882A /* FirebaseAppCheck */ = {
			isa = XCSwiftPackageProductDependency;
			package = 1CB78F512AE4284A0052882A /* XCRemoteSwiftPackageReference "firebase-ios-sdk" */;
			productName = FirebaseAppCheck;
		};
		1CB78F652AE432C50052882A /* FirebaseAnalytics */ = {
			isa = XCSwiftPackageProductDependency;
			package = 1CB78F512AE4284A0052882A /* XCRemoteSwiftPackageReference "firebase-ios-sdk" */;
			productName = FirebaseAnalytics;
		};
		1CB78F672AE432C50052882A /* FirebaseAnalyticsOnDeviceConversion */ = {
			isa = XCSwiftPackageProductDependency;
			package = 1CB78F512AE4284A0052882A /* XCRemoteSwiftPackageReference "firebase-ios-sdk" */;
			productName = FirebaseAnalyticsOnDeviceConversion;
		};
		1CB78F692AE432C50052882A /* FirebaseAnalyticsSwift */ = {
			isa = XCSwiftPackageProductDependency;
			package = 1CB78F512AE4284A0052882A /* XCRemoteSwiftPackageReference "firebase-ios-sdk" */;
			productName = FirebaseAnalyticsSwift;
		};
		1CB78F6B2AE432C50052882A /* FirebaseAnalyticsWithoutAdIdSupport */ = {
			isa = XCSwiftPackageProductDependency;
			package = 1CB78F512AE4284A0052882A /* XCRemoteSwiftPackageReference "firebase-ios-sdk" */;
			productName = FirebaseAnalyticsWithoutAdIdSupport;
		};
		1CB78F6D2AE432C50052882A /* FirebaseAppCheck */ = {
			isa = XCSwiftPackageProductDependency;
			package = 1CB78F512AE4284A0052882A /* XCRemoteSwiftPackageReference "firebase-ios-sdk" */;
			productName = FirebaseAppCheck;
		};
		1CB78F6F2AE432C50052882A /* FirebaseAppDistribution-Beta */ = {
			isa = XCSwiftPackageProductDependency;
			package = 1CB78F512AE4284A0052882A /* XCRemoteSwiftPackageReference "firebase-ios-sdk" */;
			productName = "FirebaseAppDistribution-Beta";
		};
		1CB78F712AE432C50052882A /* FirebaseAuth */ = {
			isa = XCSwiftPackageProductDependency;
			package = 1CB78F512AE4284A0052882A /* XCRemoteSwiftPackageReference "firebase-ios-sdk" */;
			productName = FirebaseAuth;
		};
		1CB78F732AE432C50052882A /* FirebaseAuthCombine-Community */ = {
			isa = XCSwiftPackageProductDependency;
			package = 1CB78F512AE4284A0052882A /* XCRemoteSwiftPackageReference "firebase-ios-sdk" */;
			productName = "FirebaseAuthCombine-Community";
		};
		1CB78F752AE432C50052882A /* FirebaseCrashlytics */ = {
			isa = XCSwiftPackageProductDependency;
			package = 1CB78F512AE4284A0052882A /* XCRemoteSwiftPackageReference "firebase-ios-sdk" */;
			productName = FirebaseCrashlytics;
		};
		1CB78F772AE432C50052882A /* FirebaseDatabase */ = {
			isa = XCSwiftPackageProductDependency;
			package = 1CB78F512AE4284A0052882A /* XCRemoteSwiftPackageReference "firebase-ios-sdk" */;
			productName = FirebaseDatabase;
		};
		1CB78F792AE432C50052882A /* FirebaseDatabaseSwift */ = {
			isa = XCSwiftPackageProductDependency;
			package = 1CB78F512AE4284A0052882A /* XCRemoteSwiftPackageReference "firebase-ios-sdk" */;
			productName = FirebaseDatabaseSwift;
		};
		1CB78F7B2AE432C50052882A /* FirebaseDynamicLinks */ = {
			isa = XCSwiftPackageProductDependency;
			package = 1CB78F512AE4284A0052882A /* XCRemoteSwiftPackageReference "firebase-ios-sdk" */;
			productName = FirebaseDynamicLinks;
		};
		1CB78F7D2AE432C50052882A /* FirebaseFirestore */ = {
			isa = XCSwiftPackageProductDependency;
			package = 1CB78F512AE4284A0052882A /* XCRemoteSwiftPackageReference "firebase-ios-sdk" */;
			productName = FirebaseFirestore;
		};
		1CB78F7F2AE432C50052882A /* FirebaseFirestoreCombine-Community */ = {
			isa = XCSwiftPackageProductDependency;
			package = 1CB78F512AE4284A0052882A /* XCRemoteSwiftPackageReference "firebase-ios-sdk" */;
			productName = "FirebaseFirestoreCombine-Community";
		};
		1CB78F812AE432C50052882A /* FirebaseFirestoreSwift */ = {
			isa = XCSwiftPackageProductDependency;
			package = 1CB78F512AE4284A0052882A /* XCRemoteSwiftPackageReference "firebase-ios-sdk" */;
			productName = FirebaseFirestoreSwift;
		};
		1CB78F832AE432C50052882A /* FirebaseFunctions */ = {
			isa = XCSwiftPackageProductDependency;
			package = 1CB78F512AE4284A0052882A /* XCRemoteSwiftPackageReference "firebase-ios-sdk" */;
			productName = FirebaseFunctions;
		};
		1CB78F852AE432C50052882A /* FirebaseFunctionsCombine-Community */ = {
			isa = XCSwiftPackageProductDependency;
			package = 1CB78F512AE4284A0052882A /* XCRemoteSwiftPackageReference "firebase-ios-sdk" */;
			productName = "FirebaseFunctionsCombine-Community";
		};
		1CB78F872AE432C50052882A /* FirebaseInAppMessaging-Beta */ = {
			isa = XCSwiftPackageProductDependency;
			package = 1CB78F512AE4284A0052882A /* XCRemoteSwiftPackageReference "firebase-ios-sdk" */;
			productName = "FirebaseInAppMessaging-Beta";
		};
		1CB78F892AE432C50052882A /* FirebaseInAppMessagingSwift-Beta */ = {
			isa = XCSwiftPackageProductDependency;
			package = 1CB78F512AE4284A0052882A /* XCRemoteSwiftPackageReference "firebase-ios-sdk" */;
			productName = "FirebaseInAppMessagingSwift-Beta";
		};
		1CB78F8B2AE432C50052882A /* FirebaseInstallations */ = {
			isa = XCSwiftPackageProductDependency;
			package = 1CB78F512AE4284A0052882A /* XCRemoteSwiftPackageReference "firebase-ios-sdk" */;
			productName = FirebaseInstallations;
		};
		1CB78F8D2AE432C50052882A /* FirebaseMLModelDownloader */ = {
			isa = XCSwiftPackageProductDependency;
			package = 1CB78F512AE4284A0052882A /* XCRemoteSwiftPackageReference "firebase-ios-sdk" */;
			productName = FirebaseMLModelDownloader;
		};
		1CB78F8F2AE432C50052882A /* FirebaseMessaging */ = {
			isa = XCSwiftPackageProductDependency;
			package = 1CB78F512AE4284A0052882A /* XCRemoteSwiftPackageReference "firebase-ios-sdk" */;
			productName = FirebaseMessaging;
		};
		1CB78F912AE432C50052882A /* FirebasePerformance */ = {
			isa = XCSwiftPackageProductDependency;
			package = 1CB78F512AE4284A0052882A /* XCRemoteSwiftPackageReference "firebase-ios-sdk" */;
			productName = FirebasePerformance;
		};
		1CB78F932AE432C50052882A /* FirebaseRemoteConfig */ = {
			isa = XCSwiftPackageProductDependency;
			package = 1CB78F512AE4284A0052882A /* XCRemoteSwiftPackageReference "firebase-ios-sdk" */;
			productName = FirebaseRemoteConfig;
		};
		1CB78F952AE432C50052882A /* FirebaseRemoteConfigSwift */ = {
			isa = XCSwiftPackageProductDependency;
			package = 1CB78F512AE4284A0052882A /* XCRemoteSwiftPackageReference "firebase-ios-sdk" */;
			productName = FirebaseRemoteConfigSwift;
		};
		1CB78F972AE432C50052882A /* FirebaseStorage */ = {
			isa = XCSwiftPackageProductDependency;
			package = 1CB78F512AE4284A0052882A /* XCRemoteSwiftPackageReference "firebase-ios-sdk" */;
			productName = FirebaseStorage;
		};
		1CB78F992AE432C50052882A /* FirebaseStorageCombine-Community */ = {
			isa = XCSwiftPackageProductDependency;
			package = 1CB78F512AE4284A0052882A /* XCRemoteSwiftPackageReference "firebase-ios-sdk" */;
			productName = "FirebaseStorageCombine-Community";
		};
/* End XCSwiftPackageProductDependency section */
	};
	rootObject = 1CB3BFDA2ADF9BE9006A6294 /* Project object */;
}
