// !$*UTF8*$!
{
	archiveVersion = 1;
	classes = {
	};
	objectVersion = 56;
	objects = {

/* Begin PBXBuildFile section */
		1CB3BFE62ADF9BE9006A6294 /* TravelConnectApp.swift in Sources */ = {isa = PBXBuildFile; fileRef = 1CB3BFE52ADF9BE9006A6294 /* TravelConnectApp.swift */; };
		1CB3BFE82ADF9BE9006A6294 /* ContentView.swift in Sources */ = {isa = PBXBuildFile; fileRef = 1CB3BFE72ADF9BE9006A6294 /* ContentView.swift */; };
		1CB3BFEA2ADF9BEA006A6294 /* Assets.xcassets in Resources */ = {isa = PBXBuildFile; fileRef = 1CB3BFE92ADF9BEA006A6294 /* Assets.xcassets */; };
		1CB3BFED2ADF9BEA006A6294 /* Preview Assets.xcassets in Resources */ = {isa = PBXBuildFile; fileRef = 1CB3BFEC2ADF9BEA006A6294 /* Preview Assets.xcassets */; };
		1CB3C0042ADF9EEC006A6294 /* User.swift in Sources */ = {isa = PBXBuildFile; fileRef = 1CB3C0032ADF9EEC006A6294 /* User.swift */; };
		1CB78F532AE4284A0052882A /* FirebaseAnalytics in Frameworks */ = {isa = PBXBuildFile; productRef = 1CB78F522AE4284A0052882A /* FirebaseAnalytics */; };
		1CB78F552AE4284A0052882A /* FirebaseAnalyticsOnDeviceConversion in Frameworks */ = {isa = PBXBuildFile; productRef = 1CB78F542AE4284A0052882A /* FirebaseAnalyticsOnDeviceConversion */; };
		1CB78F572AE4284A0052882A /* FirebaseAnalyticsSwift in Frameworks */ = {isa = PBXBuildFile; productRef = 1CB78F562AE4284A0052882A /* FirebaseAnalyticsSwift */; };
		1CB78F592AE4284A0052882A /* FirebaseAnalyticsWithoutAdIdSupport in Frameworks */ = {isa = PBXBuildFile; productRef = 1CB78F582AE4284A0052882A /* FirebaseAnalyticsWithoutAdIdSupport */; };
		1CB78F5B2AE4284A0052882A /* FirebaseAppCheck in Frameworks */ = {isa = PBXBuildFile; productRef = 1CB78F5A2AE4284A0052882A /* FirebaseAppCheck */; };
		1CB78F602AE42A150052882A /* LoginView.swift in Sources */ = {isa = PBXBuildFile; fileRef = 1CB78F5F2AE42A150052882A /* LoginView.swift */; };
		1CB78F622AE42A280052882A /* RegistrationView.swift in Sources */ = {isa = PBXBuildFile; fileRef = 1CB78F612AE42A280052882A /* RegistrationView.swift */; };
		1CB78F642AE42AA00052882A /* AuthViewModel.swift in Sources */ = {isa = PBXBuildFile; fileRef = 1CB78F632AE42AA00052882A /* AuthViewModel.swift */; };
		1CB78F662AE432C50052882A /* FirebaseAnalytics in Frameworks */ = {isa = PBXBuildFile; productRef = 1CB78F652AE432C50052882A /* FirebaseAnalytics */; };
		1CB78F682AE432C50052882A /* FirebaseAnalyticsOnDeviceConversion in Frameworks */ = {isa = PBXBuildFile; productRef = 1CB78F672AE432C50052882A /* FirebaseAnalyticsOnDeviceConversion */; };
		1CB78F6A2AE432C50052882A /* FirebaseAnalyticsSwift in Frameworks */ = {isa = PBXBuildFile; productRef = 1CB78F692AE432C50052882A /* FirebaseAnalyticsSwift */; };
		1CB78F6C2AE432C50052882A /* FirebaseAnalyticsWithoutAdIdSupport in Frameworks */ = {isa = PBXBuildFile; productRef = 1CB78F6B2AE432C50052882A /* FirebaseAnalyticsWithoutAdIdSupport */; };
		1CB78F6E2AE432C50052882A /* FirebaseAppCheck in Frameworks */ = {isa = PBXBuildFile; productRef = 1CB78F6D2AE432C50052882A /* FirebaseAppCheck */; };
		1CB78F702AE432C50052882A /* FirebaseAppDistribution-Beta in Frameworks */ = {isa = PBXBuildFile; productRef = 1CB78F6F2AE432C50052882A /* FirebaseAppDistribution-Beta */; };
		1CB78F722AE432C50052882A /* FirebaseAuth in Frameworks */ = {isa = PBXBuildFile; productRef = 1CB78F712AE432C50052882A /* FirebaseAuth */; };
		1CB78F742AE432C50052882A /* FirebaseAuthCombine-Community in Frameworks */ = {isa = PBXBuildFile; productRef = 1CB78F732AE432C50052882A /* FirebaseAuthCombine-Community */; };
		1CB78F762AE432C50052882A /* FirebaseCrashlytics in Frameworks */ = {isa = PBXBuildFile; productRef = 1CB78F752AE432C50052882A /* FirebaseCrashlytics */; };
		1CB78F782AE432C50052882A /* FirebaseDatabase in Frameworks */ = {isa = PBXBuildFile; productRef = 1CB78F772AE432C50052882A /* FirebaseDatabase */; };
		1CB78F7A2AE432C50052882A /* FirebaseDatabaseSwift in Frameworks */ = {isa = PBXBuildFile; productRef = 1CB78F792AE432C50052882A /* FirebaseDatabaseSwift */; };
		1CB78F7C2AE432C50052882A /* FirebaseDynamicLinks in Frameworks */ = {isa = PBXBuildFile; productRef = 1CB78F7B2AE432C50052882A /* FirebaseDynamicLinks */; };
		1CB78F7E2AE432C50052882A /* FirebaseFirestore in Frameworks */ = {isa = PBXBuildFile; productRef = 1CB78F7D2AE432C50052882A /* FirebaseFirestore */; };
		1CB78F802AE432C50052882A /* FirebaseFirestoreCombine-Community in Frameworks */ = {isa = PBXBuildFile; productRef = 1CB78F7F2AE432C50052882A /* FirebaseFirestoreCombine-Community */; };
		1CB78F822AE432C50052882A /* FirebaseFirestoreSwift in Frameworks */ = {isa = PBXBuildFile; productRef = 1CB78F812AE432C50052882A /* FirebaseFirestoreSwift */; };
		1CB78F842AE432C50052882A /* FirebaseFunctions in Frameworks */ = {isa = PBXBuildFile; productRef = 1CB78F832AE432C50052882A /* FirebaseFunctions */; };
		1CB78F862AE432C50052882A /* FirebaseFunctionsCombine-Community in Frameworks */ = {isa = PBXBuildFile; productRef = 1CB78F852AE432C50052882A /* FirebaseFunctionsCombine-Community */; };
		1CB78F882AE432C50052882A /* FirebaseInAppMessaging-Beta in Frameworks */ = {isa = PBXBuildFile; productRef = 1CB78F872AE432C50052882A /* FirebaseInAppMessaging-Beta */; };
		1CB78F8A2AE432C50052882A /* FirebaseInAppMessagingSwift-Beta in Frameworks */ = {isa = PBXBuildFile; productRef = 1CB78F892AE432C50052882A /* FirebaseInAppMessagingSwift-Beta */; };
		1CB78F8C2AE432C50052882A /* FirebaseInstallations in Frameworks */ = {isa = PBXBuildFile; productRef = 1CB78F8B2AE432C50052882A /* FirebaseInstallations */; };
		1CB78F8E2AE432C50052882A /* FirebaseMLModelDownloader in Frameworks */ = {isa = PBXBuildFile; productRef = 1CB78F8D2AE432C50052882A /* FirebaseMLModelDownloader */; };
		1CB78F902AE432C50052882A /* FirebaseMessaging in Frameworks */ = {isa = PBXBuildFile; productRef = 1CB78F8F2AE432C50052882A /* FirebaseMessaging */; };
		1CB78F922AE432C50052882A /* FirebasePerformance in Frameworks */ = {isa = PBXBuildFile; productRef = 1CB78F912AE432C50052882A /* FirebasePerformance */; };
		1CB78F942AE432C50052882A /* FirebaseRemoteConfig in Frameworks */ = {isa = PBXBuildFile; productRef = 1CB78F932AE432C50052882A /* FirebaseRemoteConfig */; };
		1CB78F962AE432C50052882A /* FirebaseRemoteConfigSwift in Frameworks */ = {isa = PBXBuildFile; productRef = 1CB78F952AE432C50052882A /* FirebaseRemoteConfigSwift */; };
		1CB78F982AE432C50052882A /* FirebaseStorage in Frameworks */ = {isa = PBXBuildFile; productRef = 1CB78F972AE432C50052882A /* FirebaseStorage */; };
		1CB78F9A2AE432C50052882A /* FirebaseStorageCombine-Community in Frameworks */ = {isa = PBXBuildFile; productRef = 1CB78F992AE432C50052882A /* FirebaseStorageCombine-Community */; };
		1CB78F9C2AE43A180052882A /* AuthAlert.swift in Sources */ = {isa = PBXBuildFile; fileRef = 1CB78F9B2AE43A180052882A /* AuthAlert.swift */; };
		1CB78F9E2AE43CA40052882A /* SettingsView.swift in Sources */ = {isa = PBXBuildFile; fileRef = 1CB78F9D2AE43CA40052882A /* SettingsView.swift */; };
		1CBEB2732AECE1A9005669EC /* UserProfileViewModel.swift in Sources */ = {isa = PBXBuildFile; fileRef = 1CBEB2722AECE1A9005669EC /* UserProfileViewModel.swift */; };
		1CBEB2752AECE1CB005669EC /* UserProfileView.swift in Sources */ = {isa = PBXBuildFile; fileRef = 1CBEB2742AECE1CB005669EC /* UserProfileView.swift */; };
		1CBEB2772AEE3634005669EC /* ImagePicker.swift in Sources */ = {isa = PBXBuildFile; fileRef = 1CBEB2762AEE3634005669EC /* ImagePicker.swift */; };
		1CBEB27C2AEE3FA5005669EC /* SDWebImageSwiftUI in Frameworks */ = {isa = PBXBuildFile; productRef = 1CBEB27B2AEE3FA5005669EC /* SDWebImageSwiftUI */; };
		1CBEB27E2AEE4AEC005669EC /* interestsJSON.json in Resources */ = {isa = PBXBuildFile; fileRef = 1CBEB27D2AEE4AEC005669EC /* interestsJSON.json */; };
		1CBEB2802AEE4BD1005669EC /* Interests.swift in Sources */ = {isa = PBXBuildFile; fileRef = 1CBEB27F2AEE4BD1005669EC /* Interests.swift */; };
		1CBEB2822AEE731C005669EC /* RecommendationsView.swift in Sources */ = {isa = PBXBuildFile; fileRef = 1CBEB2812AEE731C005669EC /* RecommendationsView.swift */; };
		1CBEB2842AEE8B02005669EC /* WeatherForecastView.swift in Sources */ = {isa = PBXBuildFile; fileRef = 1CBEB2832AEE8B02005669EC /* WeatherForecastView.swift */; };
		1CBEB2862AEE8C40005669EC /* WeatherForecastViewModel.swift in Sources */ = {isa = PBXBuildFile; fileRef = 1CBEB2852AEE8C40005669EC /* WeatherForecastViewModel.swift */; };
		1CBEB2882AEE8DBA005669EC /* ForecastModel.swift in Sources */ = {isa = PBXBuildFile; fileRef = 1CBEB2872AEE8DBA005669EC /* ForecastModel.swift */; };
		1CBEB28A2AEE8DD9005669EC /* ForecastAPIModel.swift in Sources */ = {isa = PBXBuildFile; fileRef = 1CBEB2892AEE8DD9005669EC /* ForecastAPIModel.swift */; };
		1CBEB28C2AEEAA20005669EC /* ShareModelView.swift in Sources */ = {isa = PBXBuildFile; fileRef = 1CBEB28B2AEEAA20005669EC /* ShareModelView.swift */; };
		1CBEB28F2AEF5DEA005669EC /* AnimationPlayerView.swift in Sources */ = {isa = PBXBuildFile; fileRef = 1CBEB28E2AEF5DEA005669EC /* AnimationPlayerView.swift */; };
		1CBEB2912AEF5E53005669EC /* LoadingScreen.swift in Sources */ = {isa = PBXBuildFile; fileRef = 1CBEB2902AEF5E53005669EC /* LoadingScreen.swift */; };
		1CBEB2972AEFEB94005669EC /* AppError.swift in Sources */ = {isa = PBXBuildFile; fileRef = 1CBEB2962AEFEB94005669EC /* AppError.swift */; };
		1CBEB2992AEFFCF0005669EC /* ChatDetailView.swift in Sources */ = {isa = PBXBuildFile; fileRef = 1CBEB2982AEFFCF0005669EC /* ChatDetailView.swift */; };
		1CBEB29D2AF0C5BC005669EC /* TripSelectListView.swift in Sources */ = {isa = PBXBuildFile; fileRef = 1CBEB29C2AF0C5BC005669EC /* TripSelectListView.swift */; };
		1CBEB29F2AF0FFA5005669EC /* ConversationSelectionView.swift in Sources */ = {isa = PBXBuildFile; fileRef = 1CBEB29E2AF0FFA5005669EC /* ConversationSelectionView.swift */; };
		1CDB07DE2AEA974A002A5EEA /* Conversation.swift in Sources */ = {isa = PBXBuildFile; fileRef = 1CDB07DD2AEA974A002A5EEA /* Conversation.swift */; };
		1CDB07E02AEA979D002A5EEA /* ConversationsViewModel.swift in Sources */ = {isa = PBXBuildFile; fileRef = 1CDB07DF2AEA979D002A5EEA /* ConversationsViewModel.swift */; };
		1CDB07E22AEA9832002A5EEA /* Message.swift in Sources */ = {isa = PBXBuildFile; fileRef = 1CDB07E12AEA9832002A5EEA /* Message.swift */; };
		1CDB07E42AEA98BA002A5EEA /* ConversationListView.swift in Sources */ = {isa = PBXBuildFile; fileRef = 1CDB07E32AEA98BA002A5EEA /* ConversationListView.swift */; };
		1CDB07E62AEA990F002A5EEA /* ChatView.swift in Sources */ = {isa = PBXBuildFile; fileRef = 1CDB07E52AEA990F002A5EEA /* ChatView.swift */; };
		1CDB07E82AEB21BD002A5EEA /* NewConversationView.swift in Sources */ = {isa = PBXBuildFile; fileRef = 1CDB07E72AEB21BD002A5EEA /* NewConversationView.swift */; };
		EEC0321B2AF185E10094B0DB /* DarkModeModel.swift in Sources */ = {isa = PBXBuildFile; fileRef = EEC0321A2AF185E10094B0DB /* DarkModeModel.swift */; };
		EEDD892E2AF038A30051A6B9 /* loadVid.mp4 in Resources */ = {isa = PBXBuildFile; fileRef = EEDD892D2AF038A30051A6B9 /* loadVid.mp4 */; };
		EEDD89322AF039140051A6B9 /* GoogleService-Info.plist in Resources */ = {isa = PBXBuildFile; fileRef = EEDD89312AF039140051A6B9 /* GoogleService-Info.plist */; };
		EEDD89342AF03AB10051A6B9 /* Persistence.swift in Sources */ = {isa = PBXBuildFile; fileRef = EEDD89332AF03AB10051A6B9 /* Persistence.swift */; };
		EEDD89372AF03B230051A6B9 /* TranvelConnectDB.xcdatamodeld in Sources */ = {isa = PBXBuildFile; fileRef = EEDD89352AF03B230051A6B9 /* TranvelConnectDB.xcdatamodeld */; };
		EEDD89392AF03BA40051A6B9 /* Trip.swift in Sources */ = {isa = PBXBuildFile; fileRef = EEDD89382AF03BA40051A6B9 /* Trip.swift */; };
		EEDD893B2AF03BDC0051A6B9 /* TripDetailViewModel.swift in Sources */ = {isa = PBXBuildFile; fileRef = EEDD893A2AF03BDC0051A6B9 /* TripDetailViewModel.swift */; };
		EEDD893D2AF03BF30051A6B9 /* MapViewModel.swift in Sources */ = {isa = PBXBuildFile; fileRef = EEDD893C2AF03BF30051A6B9 /* MapViewModel.swift */; };
		EEDD89432AF03C180051A6B9 /* PlaceOfInterestView.swift in Sources */ = {isa = PBXBuildFile; fileRef = EEDD893E2AF03C180051A6B9 /* PlaceOfInterestView.swift */; };
		EEDD89442AF03C180051A6B9 /* TripListItemView.swift in Sources */ = {isa = PBXBuildFile; fileRef = EEDD893F2AF03C180051A6B9 /* TripListItemView.swift */; };
		EEDD89452AF03C180051A6B9 /* MapView.swift in Sources */ = {isa = PBXBuildFile; fileRef = EEDD89402AF03C180051A6B9 /* MapView.swift */; };
		EEDD89462AF03C180051A6B9 /* TripListView.swift in Sources */ = {isa = PBXBuildFile; fileRef = EEDD89412AF03C180051A6B9 /* TripListView.swift */; };
		EEDD89472AF03C180051A6B9 /* TripDetailView.swift in Sources */ = {isa = PBXBuildFile; fileRef = EEDD89422AF03C180051A6B9 /* TripDetailView.swift */; };
		EEDD894A2AF03C290051A6B9 /* ImageGalleryView.swift in Sources */ = {isa = PBXBuildFile; fileRef = EEDD89482AF03C290051A6B9 /* ImageGalleryView.swift */; };
		EEDD894B2AF03C290051A6B9 /* ItemLookAroundView.swift in Sources */ = {isa = PBXBuildFile; fileRef = EEDD89492AF03C290051A6B9 /* ItemLookAroundView.swift */; };
/* End PBXBuildFile section */

/* Begin PBXFileReference section */
		1CB3BFE22ADF9BE9006A6294 /* TravelConnect.app */ = {isa = PBXFileReference; explicitFileType = wrapper.application; includeInIndex = 0; path = TravelConnect.app; sourceTree = BUILT_PRODUCTS_DIR; };
		1CB3BFE52ADF9BE9006A6294 /* TravelConnectApp.swift */ = {isa = PBXFileReference; lastKnownFileType = sourcecode.swift; path = TravelConnectApp.swift; sourceTree = "<group>"; };
		1CB3BFE72ADF9BE9006A6294 /* ContentView.swift */ = {isa = PBXFileReference; lastKnownFileType = sourcecode.swift; path = ContentView.swift; sourceTree = "<group>"; };
		1CB3BFE92ADF9BEA006A6294 /* Assets.xcassets */ = {isa = PBXFileReference; lastKnownFileType = folder.assetcatalog; path = Assets.xcassets; sourceTree = "<group>"; };
		1CB3BFEC2ADF9BEA006A6294 /* Preview Assets.xcassets */ = {isa = PBXFileReference; lastKnownFileType = folder.assetcatalog; path = "Preview Assets.xcassets"; sourceTree = "<group>"; };
		1CB3C0032ADF9EEC006A6294 /* User.swift */ = {isa = PBXFileReference; lastKnownFileType = sourcecode.swift; path = User.swift; sourceTree = "<group>"; };
		1CB3C0052ADFA72C006A6294 /* .gitignore.md */ = {isa = PBXFileReference; lastKnownFileType = net.daringfireball.markdown; path = .gitignore.md; sourceTree = "<group>"; };
		1CB78F5F2AE42A150052882A /* LoginView.swift */ = {isa = PBXFileReference; lastKnownFileType = sourcecode.swift; path = LoginView.swift; sourceTree = "<group>"; };
		1CB78F612AE42A280052882A /* RegistrationView.swift */ = {isa = PBXFileReference; lastKnownFileType = sourcecode.swift; path = RegistrationView.swift; sourceTree = "<group>"; };
		1CB78F632AE42AA00052882A /* AuthViewModel.swift */ = {isa = PBXFileReference; lastKnownFileType = sourcecode.swift; path = AuthViewModel.swift; sourceTree = "<group>"; };
		1CB78F9B2AE43A180052882A /* AuthAlert.swift */ = {isa = PBXFileReference; lastKnownFileType = sourcecode.swift; path = AuthAlert.swift; sourceTree = "<group>"; };
		1CB78F9D2AE43CA40052882A /* SettingsView.swift */ = {isa = PBXFileReference; lastKnownFileType = sourcecode.swift; path = SettingsView.swift; sourceTree = "<group>"; };
		1CBEB2722AECE1A9005669EC /* UserProfileViewModel.swift */ = {isa = PBXFileReference; lastKnownFileType = sourcecode.swift; path = UserProfileViewModel.swift; sourceTree = "<group>"; };
		1CBEB2742AECE1CB005669EC /* UserProfileView.swift */ = {isa = PBXFileReference; lastKnownFileType = sourcecode.swift; path = UserProfileView.swift; sourceTree = "<group>"; };
		1CBEB2762AEE3634005669EC /* ImagePicker.swift */ = {isa = PBXFileReference; lastKnownFileType = sourcecode.swift; path = ImagePicker.swift; sourceTree = "<group>"; };
		1CBEB27D2AEE4AEC005669EC /* interestsJSON.json */ = {isa = PBXFileReference; lastKnownFileType = text.json; path = interestsJSON.json; sourceTree = "<group>"; };
		1CBEB27F2AEE4BD1005669EC /* Interests.swift */ = {isa = PBXFileReference; lastKnownFileType = sourcecode.swift; path = Interests.swift; sourceTree = "<group>"; };
		1CBEB2812AEE731C005669EC /* RecommendationsView.swift */ = {isa = PBXFileReference; lastKnownFileType = sourcecode.swift; path = RecommendationsView.swift; sourceTree = "<group>"; };
		1CBEB2832AEE8B02005669EC /* WeatherForecastView.swift */ = {isa = PBXFileReference; lastKnownFileType = sourcecode.swift; path = WeatherForecastView.swift; sourceTree = "<group>"; };
		1CBEB2852AEE8C40005669EC /* WeatherForecastViewModel.swift */ = {isa = PBXFileReference; lastKnownFileType = sourcecode.swift; path = WeatherForecastViewModel.swift; sourceTree = "<group>"; };
		1CBEB2872AEE8DBA005669EC /* ForecastModel.swift */ = {isa = PBXFileReference; lastKnownFileType = sourcecode.swift; path = ForecastModel.swift; sourceTree = "<group>"; };
		1CBEB2892AEE8DD9005669EC /* ForecastAPIModel.swift */ = {isa = PBXFileReference; lastKnownFileType = sourcecode.swift; path = ForecastAPIModel.swift; sourceTree = "<group>"; };
		1CBEB28B2AEEAA20005669EC /* ShareModelView.swift */ = {isa = PBXFileReference; lastKnownFileType = sourcecode.swift; path = ShareModelView.swift; sourceTree = "<group>"; };
		1CBEB28E2AEF5DEA005669EC /* AnimationPlayerView.swift */ = {isa = PBXFileReference; lastKnownFileType = sourcecode.swift; path = AnimationPlayerView.swift; sourceTree = "<group>"; };
		1CBEB2902AEF5E53005669EC /* LoadingScreen.swift */ = {isa = PBXFileReference; lastKnownFileType = sourcecode.swift; path = LoadingScreen.swift; sourceTree = "<group>"; };
		1CBEB2962AEFEB94005669EC /* AppError.swift */ = {isa = PBXFileReference; lastKnownFileType = sourcecode.swift; path = AppError.swift; sourceTree = "<group>"; };
		1CBEB2982AEFFCF0005669EC /* ChatDetailView.swift */ = {isa = PBXFileReference; lastKnownFileType = sourcecode.swift; path = ChatDetailView.swift; sourceTree = "<group>"; };
		1CBEB29C2AF0C5BC005669EC /* TripSelectListView.swift */ = {isa = PBXFileReference; lastKnownFileType = sourcecode.swift; path = TripSelectListView.swift; sourceTree = "<group>"; };
		1CBEB29E2AF0FFA5005669EC /* ConversationSelectionView.swift */ = {isa = PBXFileReference; lastKnownFileType = sourcecode.swift; path = ConversationSelectionView.swift; sourceTree = "<group>"; };
		1CDB07DD2AEA974A002A5EEA /* Conversation.swift */ = {isa = PBXFileReference; lastKnownFileType = sourcecode.swift; path = Conversation.swift; sourceTree = "<group>"; };
		1CDB07DF2AEA979D002A5EEA /* ConversationsViewModel.swift */ = {isa = PBXFileReference; lastKnownFileType = sourcecode.swift; path = ConversationsViewModel.swift; sourceTree = "<group>"; };
		1CDB07E12AEA9832002A5EEA /* Message.swift */ = {isa = PBXFileReference; lastKnownFileType = sourcecode.swift; path = Message.swift; sourceTree = "<group>"; };
		1CDB07E32AEA98BA002A5EEA /* ConversationListView.swift */ = {isa = PBXFileReference; lastKnownFileType = sourcecode.swift; path = ConversationListView.swift; sourceTree = "<group>"; };
		1CDB07E52AEA990F002A5EEA /* ChatView.swift */ = {isa = PBXFileReference; lastKnownFileType = sourcecode.swift; path = ChatView.swift; sourceTree = "<group>"; };
		1CDB07E72AEB21BD002A5EEA /* NewConversationView.swift */ = {isa = PBXFileReference; lastKnownFileType = sourcecode.swift; path = NewConversationView.swift; sourceTree = "<group>"; };
		EEC0321A2AF185E10094B0DB /* DarkModeModel.swift */ = {isa = PBXFileReference; lastKnownFileType = sourcecode.swift; path = DarkModeModel.swift; sourceTree = "<group>"; };
		EEDD892D2AF038A30051A6B9 /* loadVid.mp4 */ = {isa = PBXFileReference; lastKnownFileType = file; name = loadVid.mp4; path = TravelConnect/loadVid.mp4; sourceTree = "<group>"; };
		EEDD89312AF039140051A6B9 /* GoogleService-Info.plist */ = {isa = PBXFileReference; fileEncoding = 4; lastKnownFileType = text.plist.xml; path = "GoogleService-Info.plist"; sourceTree = "<group>"; };
		EEDD89332AF03AB10051A6B9 /* Persistence.swift */ = {isa = PBXFileReference; fileEncoding = 4; lastKnownFileType = sourcecode.swift; path = Persistence.swift; sourceTree = "<group>"; };
		EEDD89362AF03B230051A6B9 /* Model.xcdatamodel */ = {isa = PBXFileReference; lastKnownFileType = wrapper.xcdatamodel; path = Model.xcdatamodel; sourceTree = "<group>"; };
		EEDD89382AF03BA40051A6B9 /* Trip.swift */ = {isa = PBXFileReference; fileEncoding = 4; lastKnownFileType = sourcecode.swift; path = Trip.swift; sourceTree = "<group>"; };
		EEDD893A2AF03BDC0051A6B9 /* TripDetailViewModel.swift */ = {isa = PBXFileReference; fileEncoding = 4; lastKnownFileType = sourcecode.swift; path = TripDetailViewModel.swift; sourceTree = "<group>"; };
		EEDD893C2AF03BF30051A6B9 /* MapViewModel.swift */ = {isa = PBXFileReference; fileEncoding = 4; lastKnownFileType = sourcecode.swift; path = MapViewModel.swift; sourceTree = "<group>"; };
		EEDD893E2AF03C180051A6B9 /* PlaceOfInterestView.swift */ = {isa = PBXFileReference; fileEncoding = 4; lastKnownFileType = sourcecode.swift; path = PlaceOfInterestView.swift; sourceTree = "<group>"; };
		EEDD893F2AF03C180051A6B9 /* TripListItemView.swift */ = {isa = PBXFileReference; fileEncoding = 4; lastKnownFileType = sourcecode.swift; path = TripListItemView.swift; sourceTree = "<group>"; };
		EEDD89402AF03C180051A6B9 /* MapView.swift */ = {isa = PBXFileReference; fileEncoding = 4; lastKnownFileType = sourcecode.swift; path = MapView.swift; sourceTree = "<group>"; };
		EEDD89412AF03C180051A6B9 /* TripListView.swift */ = {isa = PBXFileReference; fileEncoding = 4; lastKnownFileType = sourcecode.swift; path = TripListView.swift; sourceTree = "<group>"; };
		EEDD89422AF03C180051A6B9 /* TripDetailView.swift */ = {isa = PBXFileReference; fileEncoding = 4; lastKnownFileType = sourcecode.swift; path = TripDetailView.swift; sourceTree = "<group>"; };
		EEDD89482AF03C290051A6B9 /* ImageGalleryView.swift */ = {isa = PBXFileReference; fileEncoding = 4; lastKnownFileType = sourcecode.swift; path = ImageGalleryView.swift; sourceTree = "<group>"; };
		EEDD89492AF03C290051A6B9 /* ItemLookAroundView.swift */ = {isa = PBXFileReference; fileEncoding = 4; lastKnownFileType = sourcecode.swift; path = ItemLookAroundView.swift; sourceTree = "<group>"; };
		EEDD894C2AF03E780051A6B9 /* TravelConnect.entitlements */ = {isa = PBXFileReference; lastKnownFileType = text.plist.entitlements; path = TravelConnect.entitlements; sourceTree = "<group>"; };
		EEDD894D2AF03EA40051A6B9 /* Info.plist */ = {isa = PBXFileReference; lastKnownFileType = text.plist; path = Info.plist; sourceTree = "<group>"; };
/* End PBXFileReference section */

/* Begin PBXFrameworksBuildPhase section */
		1CB3BFDF2ADF9BE9006A6294 /* Frameworks */ = {
			isa = PBXFrameworksBuildPhase;
			buildActionMask = 2147483647;
			files = (
				1CB78F902AE432C50052882A /* FirebaseMessaging in Frameworks */,
				1CB78F802AE432C50052882A /* FirebaseFirestoreCombine-Community in Frameworks */,
				1CB78F782AE432C50052882A /* FirebaseDatabase in Frameworks */,
				1CB78F572AE4284A0052882A /* FirebaseAnalyticsSwift in Frameworks */,
				1CB78F982AE432C50052882A /* FirebaseStorage in Frameworks */,
				1CB78F532AE4284A0052882A /* FirebaseAnalytics in Frameworks */,
				1CB78F662AE432C50052882A /* FirebaseAnalytics in Frameworks */,
				1CB78F762AE432C50052882A /* FirebaseCrashlytics in Frameworks */,
				1CB78F7E2AE432C50052882A /* FirebaseFirestore in Frameworks */,
				1CB78F7C2AE432C50052882A /* FirebaseDynamicLinks in Frameworks */,
				1CB78F9A2AE432C50052882A /* FirebaseStorageCombine-Community in Frameworks */,
				1CB78F682AE432C50052882A /* FirebaseAnalyticsOnDeviceConversion in Frameworks */,
				1CB78F862AE432C50052882A /* FirebaseFunctionsCombine-Community in Frameworks */,
				1CB78F8A2AE432C50052882A /* FirebaseInAppMessagingSwift-Beta in Frameworks */,
				1CB78F8E2AE432C50052882A /* FirebaseMLModelDownloader in Frameworks */,
				1CB78F882AE432C50052882A /* FirebaseInAppMessaging-Beta in Frameworks */,
				1CB78F922AE432C50052882A /* FirebasePerformance in Frameworks */,
				1CB78F742AE432C50052882A /* FirebaseAuthCombine-Community in Frameworks */,
				1CB78F6A2AE432C50052882A /* FirebaseAnalyticsSwift in Frameworks */,
				1CB78F7A2AE432C50052882A /* FirebaseDatabaseSwift in Frameworks */,
				1CB78F552AE4284A0052882A /* FirebaseAnalyticsOnDeviceConversion in Frameworks */,
				1CB78F942AE432C50052882A /* FirebaseRemoteConfig in Frameworks */,
				1CB78F5B2AE4284A0052882A /* FirebaseAppCheck in Frameworks */,
				1CB78F722AE432C50052882A /* FirebaseAuth in Frameworks */,
				1CB78F842AE432C50052882A /* FirebaseFunctions in Frameworks */,
				1CB78F8C2AE432C50052882A /* FirebaseInstallations in Frameworks */,
				1CB78F822AE432C50052882A /* FirebaseFirestoreSwift in Frameworks */,
				1CB78F6C2AE432C50052882A /* FirebaseAnalyticsWithoutAdIdSupport in Frameworks */,
				1CB78F6E2AE432C50052882A /* FirebaseAppCheck in Frameworks */,
				1CB78F962AE432C50052882A /* FirebaseRemoteConfigSwift in Frameworks */,
				1CBEB27C2AEE3FA5005669EC /* SDWebImageSwiftUI in Frameworks */,
				1CB78F702AE432C50052882A /* FirebaseAppDistribution-Beta in Frameworks */,
				1CB78F592AE4284A0052882A /* FirebaseAnalyticsWithoutAdIdSupport in Frameworks */,
			);
			runOnlyForDeploymentPostprocessing = 0;
		};
/* End PBXFrameworksBuildPhase section */

/* Begin PBXGroup section */
		1CB3BFD92ADF9BE9006A6294 = {
			isa = PBXGroup;
			children = (
				EEDD892D2AF038A30051A6B9 /* loadVid.mp4 */,
				1CB3C0052ADFA72C006A6294 /* .gitignore.md */,
				1CB3BFE42ADF9BE9006A6294 /* TravelConnect */,
				1CB3BFE32ADF9BE9006A6294 /* Products */,
				EEDD892C2AF037CC0051A6B9 /* Recovered References */,
			);
			sourceTree = "<group>";
		};
		1CB3BFE32ADF9BE9006A6294 /* Products */ = {
			isa = PBXGroup;
			children = (
				1CB3BFE22ADF9BE9006A6294 /* TravelConnect.app */,
			);
			name = Products;
			sourceTree = "<group>";
		};
		1CB3BFE42ADF9BE9006A6294 /* TravelConnect */ = {
			isa = PBXGroup;
			children = (
				EEDD894D2AF03EA40051A6B9 /* Info.plist */,
				EEDD894C2AF03E780051A6B9 /* TravelConnect.entitlements */,
				1CB3BFFC2ADF9C1B006A6294 /* ML */,
				1CB3BFFB2ADF9C14006A6294 /* Utilities */,
				1CB3BFFA2ADF9C0D006A6294 /* ViewModel */,
				1CB3BFF92ADF9C02006A6294 /* View */,
				1CB3BFF82ADF9BF5006A6294 /* Model */,
				1CB3BFE72ADF9BE9006A6294 /* ContentView.swift */,
				1CB3BFE52ADF9BE9006A6294 /* TravelConnectApp.swift */,
				EEDD89332AF03AB10051A6B9 /* Persistence.swift */,
				EEDD89352AF03B230051A6B9 /* TranvelConnectDB.xcdatamodeld */,
				1CBEB27D2AEE4AEC005669EC /* interestsJSON.json */,
				1CB3BFE92ADF9BEA006A6294 /* Assets.xcassets */,
				1CB3BFEB2ADF9BEA006A6294 /* Preview Content */,
			);
			path = TravelConnect;
			sourceTree = "<group>";
		};
		1CB3BFEB2ADF9BEA006A6294 /* Preview Content */ = {
			isa = PBXGroup;
			children = (
				1CB3BFEC2ADF9BEA006A6294 /* Preview Assets.xcassets */,
			);
			path = "Preview Content";
			sourceTree = "<group>";
		};
		1CB3BFF82ADF9BF5006A6294 /* Model */ = {
			isa = PBXGroup;
			children = (
				EEDD89382AF03BA40051A6B9 /* Trip.swift */,
				1CB3C0032ADF9EEC006A6294 /* User.swift */,
				1CDB07DD2AEA974A002A5EEA /* Conversation.swift */,
				1CDB07E12AEA9832002A5EEA /* Message.swift */,
				1CBEB27F2AEE4BD1005669EC /* Interests.swift */,
				1CBEB2872AEE8DBA005669EC /* ForecastModel.swift */,
				1CBEB2892AEE8DD9005669EC /* ForecastAPIModel.swift */,
				EEC0321A2AF185E10094B0DB /* DarkModeModel.swift */,
			);
			path = Model;
			sourceTree = "<group>";
		};
		1CB3BFF92ADF9C02006A6294 /* View */ = {
			isa = PBXGroup;
			children = (
				1CBEB28D2AEF5DC8005669EC /* StartupScreen */,
				1CBEB2982AEFFCF0005669EC /* ChatDetailView.swift */,
				1CDB07E52AEA990F002A5EEA /* ChatView.swift */,
				1CDB07E32AEA98BA002A5EEA /* ConversationListView.swift */,
				1CB78F5F2AE42A150052882A /* LoginView.swift */,
				1CDB07E72AEB21BD002A5EEA /* NewConversationView.swift */,
				1CBEB2812AEE731C005669EC /* RecommendationsView.swift */,
				1CB78F612AE42A280052882A /* RegistrationView.swift */,
				1CB78F9D2AE43CA40052882A /* SettingsView.swift */,
				1CBEB28B2AEEAA20005669EC /* ShareModelView.swift */,
				1CBEB2742AECE1CB005669EC /* UserProfileView.swift */,
				1CBEB2832AEE8B02005669EC /* WeatherForecastView.swift */,
				EEDD89402AF03C180051A6B9 /* MapView.swift */,
				EEDD893E2AF03C180051A6B9 /* PlaceOfInterestView.swift */,
				EEDD89422AF03C180051A6B9 /* TripDetailView.swift */,
				EEDD893F2AF03C180051A6B9 /* TripListItemView.swift */,
				EEDD89412AF03C180051A6B9 /* TripListView.swift */,
				EEDD89482AF03C290051A6B9 /* ImageGalleryView.swift */,
				EEDD89492AF03C290051A6B9 /* ItemLookAroundView.swift */,
				1CBEB29C2AF0C5BC005669EC /* TripSelectListView.swift */,
				1CBEB29E2AF0FFA5005669EC /* ConversationSelectionView.swift */,
			);
			path = View;
			sourceTree = "<group>";
		};
		1CB3BFFA2ADF9C0D006A6294 /* ViewModel */ = {
			isa = PBXGroup;
			children = (
				1CB78F632AE42AA00052882A /* AuthViewModel.swift */,
				1CDB07DF2AEA979D002A5EEA /* ConversationsViewModel.swift */,
				1CBEB2722AECE1A9005669EC /* UserProfileViewModel.swift */,
				1CBEB2852AEE8C40005669EC /* WeatherForecastViewModel.swift */,
				EEDD893C2AF03BF30051A6B9 /* MapViewModel.swift */,
				EEDD893A2AF03BDC0051A6B9 /* TripDetailViewModel.swift */,
			);
			path = ViewModel;
			sourceTree = "<group>";
		};
		1CB3BFFB2ADF9C14006A6294 /* Utilities */ = {
			isa = PBXGroup;
			children = (
				1CBEB2962AEFEB94005669EC /* AppError.swift */,
				1CB78F9B2AE43A180052882A /* AuthAlert.swift */,
				1CBEB2762AEE3634005669EC /* ImagePicker.swift */,
			);
			path = Utilities;
			sourceTree = "<group>";
		};
		1CB3BFFC2ADF9C1B006A6294 /* ML */ = {
			isa = PBXGroup;
			children = (
			);
			path = ML;
			sourceTree = "<group>";
		};
		1CBEB28D2AEF5DC8005669EC /* StartupScreen */ = {
			isa = PBXGroup;
			children = (
				1CBEB28E2AEF5DEA005669EC /* AnimationPlayerView.swift */,
				1CBEB2902AEF5E53005669EC /* LoadingScreen.swift */,
			);
			path = StartupScreen;
			sourceTree = "<group>";
		};
		EEDD892C2AF037CC0051A6B9 /* Recovered References */ = {
			isa = PBXGroup;
			children = (
				EEDD89312AF039140051A6B9 /* GoogleService-Info.plist */,
			);
			name = "Recovered References";
			sourceTree = "<group>";
		};
/* End PBXGroup section */

/* Begin PBXNativeTarget section */
		1CB3BFE12ADF9BE9006A6294 /* TravelConnect */ = {
			isa = PBXNativeTarget;
			buildConfigurationList = 1CB3BFF52ADF9BEA006A6294 /* Build configuration list for PBXNativeTarget "TravelConnect" */;
			buildPhases = (
				1CB3BFDE2ADF9BE9006A6294 /* Sources */,
				1CB3BFDF2ADF9BE9006A6294 /* Frameworks */,
				1CB3BFE02ADF9BE9006A6294 /* Resources */,
			);
			buildRules = (
			);
			dependencies = (
			);
			name = TravelConnect;
			packageProductDependencies = (
				1CB78F522AE4284A0052882A /* FirebaseAnalytics */,
				1CB78F542AE4284A0052882A /* FirebaseAnalyticsOnDeviceConversion */,
				1CB78F562AE4284A0052882A /* FirebaseAnalyticsSwift */,
				1CB78F582AE4284A0052882A /* FirebaseAnalyticsWithoutAdIdSupport */,
				1CB78F5A2AE4284A0052882A /* FirebaseAppCheck */,
				1CB78F652AE432C50052882A /* FirebaseAnalytics */,
				1CB78F672AE432C50052882A /* FirebaseAnalyticsOnDeviceConversion */,
				1CB78F692AE432C50052882A /* FirebaseAnalyticsSwift */,
				1CB78F6B2AE432C50052882A /* FirebaseAnalyticsWithoutAdIdSupport */,
				1CB78F6D2AE432C50052882A /* FirebaseAppCheck */,
				1CB78F6F2AE432C50052882A /* FirebaseAppDistribution-Beta */,
				1CB78F712AE432C50052882A /* FirebaseAuth */,
				1CB78F732AE432C50052882A /* FirebaseAuthCombine-Community */,
				1CB78F752AE432C50052882A /* FirebaseCrashlytics */,
				1CB78F772AE432C50052882A /* FirebaseDatabase */,
				1CB78F792AE432C50052882A /* FirebaseDatabaseSwift */,
				1CB78F7B2AE432C50052882A /* FirebaseDynamicLinks */,
				1CB78F7D2AE432C50052882A /* FirebaseFirestore */,
				1CB78F7F2AE432C50052882A /* FirebaseFirestoreCombine-Community */,
				1CB78F812AE432C50052882A /* FirebaseFirestoreSwift */,
				1CB78F832AE432C50052882A /* FirebaseFunctions */,
				1CB78F852AE432C50052882A /* FirebaseFunctionsCombine-Community */,
				1CB78F872AE432C50052882A /* FirebaseInAppMessaging-Beta */,
				1CB78F892AE432C50052882A /* FirebaseInAppMessagingSwift-Beta */,
				1CB78F8B2AE432C50052882A /* FirebaseInstallations */,
				1CB78F8D2AE432C50052882A /* FirebaseMLModelDownloader */,
				1CB78F8F2AE432C50052882A /* FirebaseMessaging */,
				1CB78F912AE432C50052882A /* FirebasePerformance */,
				1CB78F932AE432C50052882A /* FirebaseRemoteConfig */,
				1CB78F952AE432C50052882A /* FirebaseRemoteConfigSwift */,
				1CB78F972AE432C50052882A /* FirebaseStorage */,
				1CB78F992AE432C50052882A /* FirebaseStorageCombine-Community */,
				1CBEB27B2AEE3FA5005669EC /* SDWebImageSwiftUI */,
			);
			productName = TravelConnect;
			productReference = 1CB3BFE22ADF9BE9006A6294 /* TravelConnect.app */;
			productType = "com.apple.product-type.application";
		};
/* End PBXNativeTarget section */

/* Begin PBXProject section */
		1CB3BFDA2ADF9BE9006A6294 /* Project object */ = {
			isa = PBXProject;
			attributes = {
				BuildIndependentTargetsInParallel = 1;
				LastSwiftUpdateCheck = 1500;
				LastUpgradeCheck = 1500;
				TargetAttributes = {
					1CB3BFE12ADF9BE9006A6294 = {
						CreatedOnToolsVersion = 15.0;
					};
				};
			};
			buildConfigurationList = 1CB3BFDD2ADF9BE9006A6294 /* Build configuration list for PBXProject "TravelConnect" */;
			compatibilityVersion = "Xcode 14.0";
			developmentRegion = en;
			hasScannedForEncodings = 0;
			knownRegions = (
				en,
				Base,
			);
			mainGroup = 1CB3BFD92ADF9BE9006A6294;
			packageReferences = (
				1CB78F512AE4284A0052882A /* XCRemoteSwiftPackageReference "firebase-ios-sdk" */,
				1CBEB27A2AEE3FA5005669EC /* XCRemoteSwiftPackageReference "SDWebImageSwiftUI" */,
			);
			productRefGroup = 1CB3BFE32ADF9BE9006A6294 /* Products */;
			projectDirPath = "";
			projectRoot = "";
			targets = (
				1CB3BFE12ADF9BE9006A6294 /* TravelConnect */,
			);
		};
/* End PBXProject section */

/* Begin PBXResourcesBuildPhase section */
		1CB3BFE02ADF9BE9006A6294 /* Resources */ = {
			isa = PBXResourcesBuildPhase;
			buildActionMask = 2147483647;
			files = (
				1CB3BFED2ADF9BEA006A6294 /* Preview Assets.xcassets in Resources */,
				1CBEB27E2AEE4AEC005669EC /* interestsJSON.json in Resources */,
				EEDD89322AF039140051A6B9 /* GoogleService-Info.plist in Resources */,
				EEDD892E2AF038A30051A6B9 /* loadVid.mp4 in Resources */,
				1CB3BFEA2ADF9BEA006A6294 /* Assets.xcassets in Resources */,
			);
			runOnlyForDeploymentPostprocessing = 0;
		};
/* End PBXResourcesBuildPhase section */

/* Begin PBXSourcesBuildPhase section */
		1CB3BFDE2ADF9BE9006A6294 /* Sources */ = {
			isa = PBXSourcesBuildPhase;
			buildActionMask = 2147483647;
			files = (
				1CB78F9C2AE43A180052882A /* AuthAlert.swift in Sources */,
				1CDB07E02AEA979D002A5EEA /* ConversationsViewModel.swift in Sources */,
				EEDD89472AF03C180051A6B9 /* TripDetailView.swift in Sources */,
				1CBEB2732AECE1A9005669EC /* UserProfileViewModel.swift in Sources */,
				1CDB07E82AEB21BD002A5EEA /* NewConversationView.swift in Sources */,
				1CB3BFE82ADF9BE9006A6294 /* ContentView.swift in Sources */,
				1CBEB29F2AF0FFA5005669EC /* ConversationSelectionView.swift in Sources */,
				1CB78F602AE42A150052882A /* LoginView.swift in Sources */,
				1CBEB2912AEF5E53005669EC /* LoadingScreen.swift in Sources */,
				EEDD89372AF03B230051A6B9 /* TranvelConnectDB.xcdatamodeld in Sources */,
				1CDB07DE2AEA974A002A5EEA /* Conversation.swift in Sources */,
				EEDD89462AF03C180051A6B9 /* TripListView.swift in Sources */,
				1CB3C0042ADF9EEC006A6294 /* User.swift in Sources */,
				1CBEB29D2AF0C5BC005669EC /* TripSelectListView.swift in Sources */,
				1CBEB2992AEFFCF0005669EC /* ChatDetailView.swift in Sources */,
				EEDD89432AF03C180051A6B9 /* PlaceOfInterestView.swift in Sources */,
				1CBEB2822AEE731C005669EC /* RecommendationsView.swift in Sources */,
				1CDB07E62AEA990F002A5EEA /* ChatView.swift in Sources */,
				1CDB07E22AEA9832002A5EEA /* Message.swift in Sources */,
				1CB78F642AE42AA00052882A /* AuthViewModel.swift in Sources */,
				1CBEB2842AEE8B02005669EC /* WeatherForecastView.swift in Sources */,
				1CBEB2772AEE3634005669EC /* ImagePicker.swift in Sources */,
				EEDD893D2AF03BF30051A6B9 /* MapViewModel.swift in Sources */,
				1CBEB28C2AEEAA20005669EC /* ShareModelView.swift in Sources */,
				EEDD893B2AF03BDC0051A6B9 /* TripDetailViewModel.swift in Sources */,
				EEDD89442AF03C180051A6B9 /* TripListItemView.swift in Sources */,
				1CBEB2882AEE8DBA005669EC /* ForecastModel.swift in Sources */,
				EEDD89392AF03BA40051A6B9 /* Trip.swift in Sources */,
				1CBEB2752AECE1CB005669EC /* UserProfileView.swift in Sources */,
				EEDD894B2AF03C290051A6B9 /* ItemLookAroundView.swift in Sources */,
				EEDD89452AF03C180051A6B9 /* MapView.swift in Sources */,
				1CBEB2862AEE8C40005669EC /* WeatherForecastViewModel.swift in Sources */,
				1CBEB2802AEE4BD1005669EC /* Interests.swift in Sources */,
				1CBEB2972AEFEB94005669EC /* AppError.swift in Sources */,
				1CBEB28A2AEE8DD9005669EC /* ForecastAPIModel.swift in Sources */,
				1CB3BFE62ADF9BE9006A6294 /* TravelConnectApp.swift in Sources */,
				1CB78F622AE42A280052882A /* RegistrationView.swift in Sources */,
				1CB78F9E2AE43CA40052882A /* SettingsView.swift in Sources */,
				1CDB07E42AEA98BA002A5EEA /* ConversationListView.swift in Sources */,
				EEDD894A2AF03C290051A6B9 /* ImageGalleryView.swift in Sources */,
				1CBEB28F2AEF5DEA005669EC /* AnimationPlayerView.swift in Sources */,
				EEDD89342AF03AB10051A6B9 /* Persistence.swift in Sources */,
				EEC0321B2AF185E10094B0DB /* DarkModeModel.swift in Sources */,
			);
			runOnlyForDeploymentPostprocessing = 0;
		};
/* End PBXSourcesBuildPhase section */

/* Begin XCBuildConfiguration section */
		1CB3BFF32ADF9BEA006A6294 /* Debug */ = {
			isa = XCBuildConfiguration;
			buildSettings = {
				ALWAYS_SEARCH_USER_PATHS = NO;
				ASSETCATALOG_COMPILER_GENERATE_SWIFT_ASSET_SYMBOL_EXTENSIONS = YES;
				CLANG_ANALYZER_NONNULL = YES;
				CLANG_ANALYZER_NUMBER_OBJECT_CONVERSION = YES_AGGRESSIVE;
				CLANG_CXX_LANGUAGE_STANDARD = "gnu++20";
				CLANG_ENABLE_MODULES = YES;
				CLANG_ENABLE_OBJC_ARC = YES;
				CLANG_ENABLE_OBJC_WEAK = YES;
				CLANG_WARN_BLOCK_CAPTURE_AUTORELEASING = YES;
				CLANG_WARN_BOOL_CONVERSION = YES;
				CLANG_WARN_COMMA = YES;
				CLANG_WARN_CONSTANT_CONVERSION = YES;
				CLANG_WARN_DEPRECATED_OBJC_IMPLEMENTATIONS = YES;
				CLANG_WARN_DIRECT_OBJC_ISA_USAGE = YES_ERROR;
				CLANG_WARN_DOCUMENTATION_COMMENTS = YES;
				CLANG_WARN_EMPTY_BODY = YES;
				CLANG_WARN_ENUM_CONVERSION = YES;
				CLANG_WARN_INFINITE_RECURSION = YES;
				CLANG_WARN_INT_CONVERSION = YES;
				CLANG_WARN_NON_LITERAL_NULL_CONVERSION = YES;
				CLANG_WARN_OBJC_IMPLICIT_RETAIN_SELF = YES;
				CLANG_WARN_OBJC_LITERAL_CONVERSION = YES;
				CLANG_WARN_OBJC_ROOT_CLASS = YES_ERROR;
				CLANG_WARN_QUOTED_INCLUDE_IN_FRAMEWORK_HEADER = YES;
				CLANG_WARN_RANGE_LOOP_ANALYSIS = YES;
				CLANG_WARN_STRICT_PROTOTYPES = YES;
				CLANG_WARN_SUSPICIOUS_MOVE = YES;
				CLANG_WARN_UNGUARDED_AVAILABILITY = YES_AGGRESSIVE;
				CLANG_WARN_UNREACHABLE_CODE = YES;
				CLANG_WARN__DUPLICATE_METHOD_MATCH = YES;
				COPY_PHASE_STRIP = NO;
				DEBUG_INFORMATION_FORMAT = dwarf;
				ENABLE_STRICT_OBJC_MSGSEND = YES;
				ENABLE_TESTABILITY = YES;
				ENABLE_USER_SCRIPT_SANDBOXING = YES;
				GCC_C_LANGUAGE_STANDARD = gnu17;
				GCC_DYNAMIC_NO_PIC = NO;
				GCC_NO_COMMON_BLOCKS = YES;
				GCC_OPTIMIZATION_LEVEL = 0;
				GCC_PREPROCESSOR_DEFINITIONS = (
					"DEBUG=1",
					"$(inherited)",
				);
				GCC_WARN_64_TO_32_BIT_CONVERSION = YES;
				GCC_WARN_ABOUT_RETURN_TYPE = YES_ERROR;
				GCC_WARN_UNDECLARED_SELECTOR = YES;
				GCC_WARN_UNINITIALIZED_AUTOS = YES_AGGRESSIVE;
				GCC_WARN_UNUSED_FUNCTION = YES;
				GCC_WARN_UNUSED_VARIABLE = YES;
				IPHONEOS_DEPLOYMENT_TARGET = 17.0;
				LOCALIZATION_PREFERS_STRING_CATALOGS = YES;
				MTL_ENABLE_DEBUG_INFO = INCLUDE_SOURCE;
				MTL_FAST_MATH = YES;
				ONLY_ACTIVE_ARCH = YES;
				SDKROOT = iphoneos;
				SWIFT_ACTIVE_COMPILATION_CONDITIONS = "DEBUG $(inherited)";
				SWIFT_OPTIMIZATION_LEVEL = "-Onone";
			};
			name = Debug;
		};
		1CB3BFF42ADF9BEA006A6294 /* Release */ = {
			isa = XCBuildConfiguration;
			buildSettings = {
				ALWAYS_SEARCH_USER_PATHS = NO;
				ASSETCATALOG_COMPILER_GENERATE_SWIFT_ASSET_SYMBOL_EXTENSIONS = YES;
				CLANG_ANALYZER_NONNULL = YES;
				CLANG_ANALYZER_NUMBER_OBJECT_CONVERSION = YES_AGGRESSIVE;
				CLANG_CXX_LANGUAGE_STANDARD = "gnu++20";
				CLANG_ENABLE_MODULES = YES;
				CLANG_ENABLE_OBJC_ARC = YES;
				CLANG_ENABLE_OBJC_WEAK = YES;
				CLANG_WARN_BLOCK_CAPTURE_AUTORELEASING = YES;
				CLANG_WARN_BOOL_CONVERSION = YES;
				CLANG_WARN_COMMA = YES;
				CLANG_WARN_CONSTANT_CONVERSION = YES;
				CLANG_WARN_DEPRECATED_OBJC_IMPLEMENTATIONS = YES;
				CLANG_WARN_DIRECT_OBJC_ISA_USAGE = YES_ERROR;
				CLANG_WARN_DOCUMENTATION_COMMENTS = YES;
				CLANG_WARN_EMPTY_BODY = YES;
				CLANG_WARN_ENUM_CONVERSION = YES;
				CLANG_WARN_INFINITE_RECURSION = YES;
				CLANG_WARN_INT_CONVERSION = YES;
				CLANG_WARN_NON_LITERAL_NULL_CONVERSION = YES;
				CLANG_WARN_OBJC_IMPLICIT_RETAIN_SELF = YES;
				CLANG_WARN_OBJC_LITERAL_CONVERSION = YES;
				CLANG_WARN_OBJC_ROOT_CLASS = YES_ERROR;
				CLANG_WARN_QUOTED_INCLUDE_IN_FRAMEWORK_HEADER = YES;
				CLANG_WARN_RANGE_LOOP_ANALYSIS = YES;
				CLANG_WARN_STRICT_PROTOTYPES = YES;
				CLANG_WARN_SUSPICIOUS_MOVE = YES;
				CLANG_WARN_UNGUARDED_AVAILABILITY = YES_AGGRESSIVE;
				CLANG_WARN_UNREACHABLE_CODE = YES;
				CLANG_WARN__DUPLICATE_METHOD_MATCH = YES;
				COPY_PHASE_STRIP = NO;
				DEBUG_INFORMATION_FORMAT = "dwarf-with-dsym";
				ENABLE_NS_ASSERTIONS = NO;
				ENABLE_STRICT_OBJC_MSGSEND = YES;
				ENABLE_USER_SCRIPT_SANDBOXING = YES;
				GCC_C_LANGUAGE_STANDARD = gnu17;
				GCC_NO_COMMON_BLOCKS = YES;
				GCC_WARN_64_TO_32_BIT_CONVERSION = YES;
				GCC_WARN_ABOUT_RETURN_TYPE = YES_ERROR;
				GCC_WARN_UNDECLARED_SELECTOR = YES;
				GCC_WARN_UNINITIALIZED_AUTOS = YES_AGGRESSIVE;
				GCC_WARN_UNUSED_FUNCTION = YES;
				GCC_WARN_UNUSED_VARIABLE = YES;
				IPHONEOS_DEPLOYMENT_TARGET = 17.0;
				LOCALIZATION_PREFERS_STRING_CATALOGS = YES;
				MTL_ENABLE_DEBUG_INFO = NO;
				MTL_FAST_MATH = YES;
				SDKROOT = iphoneos;
				SWIFT_COMPILATION_MODE = wholemodule;
				VALIDATE_PRODUCT = YES;
			};
			name = Release;
		};
		1CB3BFF62ADF9BEA006A6294 /* Debug */ = {
			isa = XCBuildConfiguration;
			buildSettings = {
				ASSETCATALOG_COMPILER_APPICON_NAME = AppIcon;
				ASSETCATALOG_COMPILER_GLOBAL_ACCENT_COLOR_NAME = AccentColor;
				CODE_SIGN_ENTITLEMENTS = TravelConnect/TravelConnect.entitlements;
				CODE_SIGN_STYLE = Automatic;
				CURRENT_PROJECT_VERSION = 1;
				DEVELOPMENT_ASSET_PATHS = "\"TravelConnect/Preview Content\"";
				DEVELOPMENT_TEAM = 37NUP3CV36;
				ENABLE_PREVIEWS = YES;
				GENERATE_INFOPLIST_FILE = YES;
				INFOPLIST_FILE = TravelConnect/Info.plist;
				INFOPLIST_KEY_NSCameraUsageDescription = "To take photos within the app";
				INFOPLIST_KEY_NSPhotoLibraryUsageDescription = "To select photos for uploading.";
				INFOPLIST_KEY_UIApplicationSceneManifest_Generation = YES;
				INFOPLIST_KEY_UIApplicationSupportsIndirectInputEvents = YES;
				INFOPLIST_KEY_UILaunchScreen_Generation = YES;
				INFOPLIST_KEY_UISupportedInterfaceOrientations_iPad = "UIInterfaceOrientationPortrait UIInterfaceOrientationPortraitUpsideDown UIInterfaceOrientationLandscapeLeft UIInterfaceOrientationLandscapeRight";
				INFOPLIST_KEY_UISupportedInterfaceOrientations_iPhone = "UIInterfaceOrientationPortrait UIInterfaceOrientationLandscapeLeft UIInterfaceOrientationLandscapeRight";
				LD_RUNPATH_SEARCH_PATHS = (
					"$(inherited)",
					"@executable_path/Frameworks",
				);
				MARKETING_VERSION = 1.0;
				PRODUCT_BUNDLE_IDENTIFIER = com.adviOS.TravelConnect;
				PRODUCT_NAME = "$(TARGET_NAME)";
				SWIFT_EMIT_LOC_STRINGS = YES;
				SWIFT_VERSION = 5.0;
				TARGETED_DEVICE_FAMILY = "1,2";
			};
			name = Debug;
		};
		1CB3BFF72ADF9BEA006A6294 /* Release */ = {
			isa = XCBuildConfiguration;
			buildSettings = {
				ASSETCATALOG_COMPILER_APPICON_NAME = AppIcon;
				ASSETCATALOG_COMPILER_GLOBAL_ACCENT_COLOR_NAME = AccentColor;
				CODE_SIGN_ENTITLEMENTS = TravelConnect/TravelConnect.entitlements;
				CODE_SIGN_STYLE = Automatic;
				CURRENT_PROJECT_VERSION = 1;
				DEVELOPMENT_ASSET_PATHS = "\"TravelConnect/Preview Content\"";
				DEVELOPMENT_TEAM = 37NUP3CV36;
				ENABLE_PREVIEWS = YES;
				GENERATE_INFOPLIST_FILE = YES;
				INFOPLIST_FILE = TravelConnect/Info.plist;
				INFOPLIST_KEY_NSCameraUsageDescription = "To take photos within the app";
				INFOPLIST_KEY_NSPhotoLibraryUsageDescription = "To select photos for uploading.";
				INFOPLIST_KEY_UIApplicationSceneManifest_Generation = YES;
				INFOPLIST_KEY_UIApplicationSupportsIndirectInputEvents = YES;
				INFOPLIST_KEY_UILaunchScreen_Generation = YES;
				INFOPLIST_KEY_UISupportedInterfaceOrientations_iPad = "UIInterfaceOrientationPortrait UIInterfaceOrientationPortraitUpsideDown UIInterfaceOrientationLandscapeLeft UIInterfaceOrientationLandscapeRight";
				INFOPLIST_KEY_UISupportedInterfaceOrientations_iPhone = "UIInterfaceOrientationPortrait UIInterfaceOrientationLandscapeLeft UIInterfaceOrientationLandscapeRight";
				LD_RUNPATH_SEARCH_PATHS = (
					"$(inherited)",
					"@executable_path/Frameworks",
				);
				MARKETING_VERSION = 1.0;
				PRODUCT_BUNDLE_IDENTIFIER = com.adviOS.TravelConnect;
				PRODUCT_NAME = "$(TARGET_NAME)";
				SWIFT_EMIT_LOC_STRINGS = YES;
				SWIFT_VERSION = 5.0;
				TARGETED_DEVICE_FAMILY = "1,2";
			};
			name = Release;
		};
/* End XCBuildConfiguration section */

/* Begin XCConfigurationList section */
		1CB3BFDD2ADF9BE9006A6294 /* Build configuration list for PBXProject "TravelConnect" */ = {
			isa = XCConfigurationList;
			buildConfigurations = (
				1CB3BFF32ADF9BEA006A6294 /* Debug */,
				1CB3BFF42ADF9BEA006A6294 /* Release */,
			);
			defaultConfigurationIsVisible = 0;
			defaultConfigurationName = Release;
		};
		1CB3BFF52ADF9BEA006A6294 /* Build configuration list for PBXNativeTarget "TravelConnect" */ = {
			isa = XCConfigurationList;
			buildConfigurations = (
				1CB3BFF62ADF9BEA006A6294 /* Debug */,
				1CB3BFF72ADF9BEA006A6294 /* Release */,
			);
			defaultConfigurationIsVisible = 0;
			defaultConfigurationName = Release;
		};
/* End XCConfigurationList section */

/* Begin XCRemoteSwiftPackageReference section */
		1CB78F512AE4284A0052882A /* XCRemoteSwiftPackageReference "firebase-ios-sdk" */ = {
			isa = XCRemoteSwiftPackageReference;
			repositoryURL = "https://github.com/firebase/firebase-ios-sdk";
			requirement = {
				kind = upToNextMajorVersion;
				minimumVersion = 10.16.0;
			};
		};
		1CBEB27A2AEE3FA5005669EC /* XCRemoteSwiftPackageReference "SDWebImageSwiftUI" */ = {
			isa = XCRemoteSwiftPackageReference;
			repositoryURL = "https://github.com/SDWebImage/SDWebImageSwiftUI.git";
			requirement = {
				kind = upToNextMajorVersion;
				minimumVersion = 2.2.4;
			};
		};
/* End XCRemoteSwiftPackageReference section */

/* Begin XCSwiftPackageProductDependency section */
		1CB78F522AE4284A0052882A /* FirebaseAnalytics */ = {
			isa = XCSwiftPackageProductDependency;
			package = 1CB78F512AE4284A0052882A /* XCRemoteSwiftPackageReference "firebase-ios-sdk" */;
			productName = FirebaseAnalytics;
		};
		1CB78F542AE4284A0052882A /* FirebaseAnalyticsOnDeviceConversion */ = {
			isa = XCSwiftPackageProductDependency;
			package = 1CB78F512AE4284A0052882A /* XCRemoteSwiftPackageReference "firebase-ios-sdk" */;
			productName = FirebaseAnalyticsOnDeviceConversion;
		};
		1CB78F562AE4284A0052882A /* FirebaseAnalyticsSwift */ = {
			isa = XCSwiftPackageProductDependency;
			package = 1CB78F512AE4284A0052882A /* XCRemoteSwiftPackageReference "firebase-ios-sdk" */;
			productName = FirebaseAnalyticsSwift;
		};
		1CB78F582AE4284A0052882A /* FirebaseAnalyticsWithoutAdIdSupport */ = {
			isa = XCSwiftPackageProductDependency;
			package = 1CB78F512AE4284A0052882A /* XCRemoteSwiftPackageReference "firebase-ios-sdk" */;
			productName = FirebaseAnalyticsWithoutAdIdSupport;
		};
		1CB78F5A2AE4284A0052882A /* FirebaseAppCheck */ = {
			isa = XCSwiftPackageProductDependency;
			package = 1CB78F512AE4284A0052882A /* XCRemoteSwiftPackageReference "firebase-ios-sdk" */;
			productName = FirebaseAppCheck;
		};
		1CB78F652AE432C50052882A /* FirebaseAnalytics */ = {
			isa = XCSwiftPackageProductDependency;
			package = 1CB78F512AE4284A0052882A /* XCRemoteSwiftPackageReference "firebase-ios-sdk" */;
			productName = FirebaseAnalytics;
		};
		1CB78F672AE432C50052882A /* FirebaseAnalyticsOnDeviceConversion */ = {
			isa = XCSwiftPackageProductDependency;
			package = 1CB78F512AE4284A0052882A /* XCRemoteSwiftPackageReference "firebase-ios-sdk" */;
			productName = FirebaseAnalyticsOnDeviceConversion;
		};
		1CB78F692AE432C50052882A /* FirebaseAnalyticsSwift */ = {
			isa = XCSwiftPackageProductDependency;
			package = 1CB78F512AE4284A0052882A /* XCRemoteSwiftPackageReference "firebase-ios-sdk" */;
			productName = FirebaseAnalyticsSwift;
		};
		1CB78F6B2AE432C50052882A /* FirebaseAnalyticsWithoutAdIdSupport */ = {
			isa = XCSwiftPackageProductDependency;
			package = 1CB78F512AE4284A0052882A /* XCRemoteSwiftPackageReference "firebase-ios-sdk" */;
			productName = FirebaseAnalyticsWithoutAdIdSupport;
		};
		1CB78F6D2AE432C50052882A /* FirebaseAppCheck */ = {
			isa = XCSwiftPackageProductDependency;
			package = 1CB78F512AE4284A0052882A /* XCRemoteSwiftPackageReference "firebase-ios-sdk" */;
			productName = FirebaseAppCheck;
		};
		1CB78F6F2AE432C50052882A /* FirebaseAppDistribution-Beta */ = {
			isa = XCSwiftPackageProductDependency;
			package = 1CB78F512AE4284A0052882A /* XCRemoteSwiftPackageReference "firebase-ios-sdk" */;
			productName = "FirebaseAppDistribution-Beta";
		};
		1CB78F712AE432C50052882A /* FirebaseAuth */ = {
			isa = XCSwiftPackageProductDependency;
			package = 1CB78F512AE4284A0052882A /* XCRemoteSwiftPackageReference "firebase-ios-sdk" */;
			productName = FirebaseAuth;
		};
		1CB78F732AE432C50052882A /* FirebaseAuthCombine-Community */ = {
			isa = XCSwiftPackageProductDependency;
			package = 1CB78F512AE4284A0052882A /* XCRemoteSwiftPackageReference "firebase-ios-sdk" */;
			productName = "FirebaseAuthCombine-Community";
		};
		1CB78F752AE432C50052882A /* FirebaseCrashlytics */ = {
			isa = XCSwiftPackageProductDependency;
			package = 1CB78F512AE4284A0052882A /* XCRemoteSwiftPackageReference "firebase-ios-sdk" */;
			productName = FirebaseCrashlytics;
		};
		1CB78F772AE432C50052882A /* FirebaseDatabase */ = {
			isa = XCSwiftPackageProductDependency;
			package = 1CB78F512AE4284A0052882A /* XCRemoteSwiftPackageReference "firebase-ios-sdk" */;
			productName = FirebaseDatabase;
		};
		1CB78F792AE432C50052882A /* FirebaseDatabaseSwift */ = {
			isa = XCSwiftPackageProductDependency;
			package = 1CB78F512AE4284A0052882A /* XCRemoteSwiftPackageReference "firebase-ios-sdk" */;
			productName = FirebaseDatabaseSwift;
		};
		1CB78F7B2AE432C50052882A /* FirebaseDynamicLinks */ = {
			isa = XCSwiftPackageProductDependency;
			package = 1CB78F512AE4284A0052882A /* XCRemoteSwiftPackageReference "firebase-ios-sdk" */;
			productName = FirebaseDynamicLinks;
		};
		1CB78F7D2AE432C50052882A /* FirebaseFirestore */ = {
			isa = XCSwiftPackageProductDependency;
			package = 1CB78F512AE4284A0052882A /* XCRemoteSwiftPackageReference "firebase-ios-sdk" */;
			productName = FirebaseFirestore;
		};
		1CB78F7F2AE432C50052882A /* FirebaseFirestoreCombine-Community */ = {
			isa = XCSwiftPackageProductDependency;
			package = 1CB78F512AE4284A0052882A /* XCRemoteSwiftPackageReference "firebase-ios-sdk" */;
			productName = "FirebaseFirestoreCombine-Community";
		};
		1CB78F812AE432C50052882A /* FirebaseFirestoreSwift */ = {
			isa = XCSwiftPackageProductDependency;
			package = 1CB78F512AE4284A0052882A /* XCRemoteSwiftPackageReference "firebase-ios-sdk" */;
			productName = FirebaseFirestoreSwift;
		};
		1CB78F832AE432C50052882A /* FirebaseFunctions */ = {
			isa = XCSwiftPackageProductDependency;
			package = 1CB78F512AE4284A0052882A /* XCRemoteSwiftPackageReference "firebase-ios-sdk" */;
			productName = FirebaseFunctions;
		};
		1CB78F852AE432C50052882A /* FirebaseFunctionsCombine-Community */ = {
			isa = XCSwiftPackageProductDependency;
			package = 1CB78F512AE4284A0052882A /* XCRemoteSwiftPackageReference "firebase-ios-sdk" */;
			productName = "FirebaseFunctionsCombine-Community";
		};
		1CB78F872AE432C50052882A /* FirebaseInAppMessaging-Beta */ = {
			isa = XCSwiftPackageProductDependency;
			package = 1CB78F512AE4284A0052882A /* XCRemoteSwiftPackageReference "firebase-ios-sdk" */;
			productName = "FirebaseInAppMessaging-Beta";
		};
		1CB78F892AE432C50052882A /* FirebaseInAppMessagingSwift-Beta */ = {
			isa = XCSwiftPackageProductDependency;
			package = 1CB78F512AE4284A0052882A /* XCRemoteSwiftPackageReference "firebase-ios-sdk" */;
			productName = "FirebaseInAppMessagingSwift-Beta";
		};
		1CB78F8B2AE432C50052882A /* FirebaseInstallations */ = {
			isa = XCSwiftPackageProductDependency;
			package = 1CB78F512AE4284A0052882A /* XCRemoteSwiftPackageReference "firebase-ios-sdk" */;
			productName = FirebaseInstallations;
		};
		1CB78F8D2AE432C50052882A /* FirebaseMLModelDownloader */ = {
			isa = XCSwiftPackageProductDependency;
			package = 1CB78F512AE4284A0052882A /* XCRemoteSwiftPackageReference "firebase-ios-sdk" */;
			productName = FirebaseMLModelDownloader;
		};
		1CB78F8F2AE432C50052882A /* FirebaseMessaging */ = {
			isa = XCSwiftPackageProductDependency;
			package = 1CB78F512AE4284A0052882A /* XCRemoteSwiftPackageReference "firebase-ios-sdk" */;
			productName = FirebaseMessaging;
		};
		1CB78F912AE432C50052882A /* FirebasePerformance */ = {
			isa = XCSwiftPackageProductDependency;
			package = 1CB78F512AE4284A0052882A /* XCRemoteSwiftPackageReference "firebase-ios-sdk" */;
			productName = FirebasePerformance;
		};
		1CB78F932AE432C50052882A /* FirebaseRemoteConfig */ = {
			isa = XCSwiftPackageProductDependency;
			package = 1CB78F512AE4284A0052882A /* XCRemoteSwiftPackageReference "firebase-ios-sdk" */;
			productName = FirebaseRemoteConfig;
		};
		1CB78F952AE432C50052882A /* FirebaseRemoteConfigSwift */ = {
			isa = XCSwiftPackageProductDependency;
			package = 1CB78F512AE4284A0052882A /* XCRemoteSwiftPackageReference "firebase-ios-sdk" */;
			productName = FirebaseRemoteConfigSwift;
		};
		1CB78F972AE432C50052882A /* FirebaseStorage */ = {
			isa = XCSwiftPackageProductDependency;
			package = 1CB78F512AE4284A0052882A /* XCRemoteSwiftPackageReference "firebase-ios-sdk" */;
			productName = FirebaseStorage;
		};
		1CB78F992AE432C50052882A /* FirebaseStorageCombine-Community */ = {
			isa = XCSwiftPackageProductDependency;
			package = 1CB78F512AE4284A0052882A /* XCRemoteSwiftPackageReference "firebase-ios-sdk" */;
			productName = "FirebaseStorageCombine-Community";
		};
		1CBEB27B2AEE3FA5005669EC /* SDWebImageSwiftUI */ = {
			isa = XCSwiftPackageProductDependency;
			package = 1CBEB27A2AEE3FA5005669EC /* XCRemoteSwiftPackageReference "SDWebImageSwiftUI" */;
			productName = SDWebImageSwiftUI;
		};
/* End XCSwiftPackageProductDependency section */

/* Begin XCVersionGroup section */
		EEDD89352AF03B230051A6B9 /* TranvelConnectDB.xcdatamodeld */ = {
			isa = XCVersionGroup;
			children = (
				EEDD89362AF03B230051A6B9 /* Model.xcdatamodel */,
			);
			currentVersion = EEDD89362AF03B230051A6B9 /* Model.xcdatamodel */;
			path = TranvelConnectDB.xcdatamodeld;
			sourceTree = "<group>";
			versionGroupType = wrapper.xcdatamodel;
		};
/* End XCVersionGroup section */
	};
	rootObject = 1CB3BFDA2ADF9BE9006A6294 /* Project object */;
}
